{
  "version": 4,
  "terraform_version": "1.13.3",
  "serial": 445,
  "lineage": "3a06c4f8-5008-ded2-a77e-939a3d26b408",
  "outputs": {
    "alb_dns_name": {
      "value": "sistemainventario-alb-789571889.us-east-2.elb.amazonaws.com",
      "type": "string"
    },
    "api_gateway_url": {
      "value": "https://tm08jxb8a1.execute-api.us-east-2.amazonaws.com/dev/api",
      "type": "string"
    },
    "cloudfront_url": {
      "value": "https://d3jw6gz11h7bzw.cloudfront.net",
      "type": "string"
    },
    "cloudwatch_dashboard": {
      "value": "sistemainventario-dashboard",
      "type": "string"
    },
    "ecs_log_group": {
      "value": "/ecs/sistemainventario",
      "type": "string"
    },
    "rds_endpoint": {
      "value": "sistemainventario-mysql.czksc4qkk6dj.us-east-2.rds.amazonaws.com:3306",
      "type": "string",
      "sensitive": true
    },
    "s3_bucket_name": {
      "value": "sistemainventario-frontend-dev",
      "type": "string"
    },
    "sns_topic_arn": {
      "value": "arn:aws:sns:us-east-2:251740340893:sistemainventario-alertas",
      "type": "string"
    },
    "vpc_id": {
      "value": "vpc-0727183964baeafd6",
      "type": "string"
    },
    "waf_acl_id": {
      "value": "accd6249-42e6-4003-b13b-861501bf8ad1",
      "type": "string"
    }
  },
  "resources": [
    {
      "module": "module.alb",
      "mode": "managed",
      "type": "aws_lb",
      "name": "this",
      "provider": "provider[\"registry.terraform.io/hashicorp/aws\"]",
      "instances": [
        {
          "schema_version": 0,
          "attributes": {
            "access_logs": [
              {
                "bucket": "",
                "enabled": false,
                "prefix": ""
              }
            ],
            "arn": "arn:aws:elasticloadbalancing:us-east-2:251740340893:loadbalancer/app/sistemainventario-alb/9af885062253383f",
            "arn_suffix": "app/sistemainventario-alb/9af885062253383f",
            "client_keep_alive": 3600,
            "connection_logs": [
              {
                "bucket": "",
                "enabled": false,
                "prefix": ""
              }
            ],
            "customer_owned_ipv4_pool": "",
            "desync_mitigation_mode": "defensive",
            "dns_name": "sistemainventario-alb-789571889.us-east-2.elb.amazonaws.com",
            "dns_record_client_routing_policy": null,
            "drop_invalid_header_fields": false,
            "enable_cross_zone_load_balancing": true,
            "enable_deletion_protection": false,
            "enable_http2": true,
            "enable_tls_version_and_cipher_suite_headers": false,
            "enable_waf_fail_open": false,
            "enable_xff_client_port": false,
            "enable_zonal_shift": false,
            "enforce_security_group_inbound_rules_on_private_link_traffic": "",
            "id": "arn:aws:elasticloadbalancing:us-east-2:251740340893:loadbalancer/app/sistemainventario-alb/9af885062253383f",
            "idle_timeout": 60,
            "internal": false,
            "ip_address_type": "ipv4",
            "ipam_pools": [],
            "load_balancer_type": "application",
            "minimum_load_balancer_capacity": [],
            "name": "sistemainventario-alb",
            "name_prefix": "",
            "preserve_host_header": false,
            "region": "us-east-2",
            "secondary_ips_auto_assigned_per_subnet": null,
            "security_groups": [
              "sg-094a084d40961bbde"
            ],
            "subnet_mapping": [
              {
                "allocation_id": "",
                "ipv6_address": "",
                "outpost_id": "",
                "private_ipv4_address": "",
                "subnet_id": "subnet-0869fc392d7d6d406"
              },
              {
                "allocation_id": "",
                "ipv6_address": "",
                "outpost_id": "",
                "private_ipv4_address": "",
                "subnet_id": "subnet-09af89a6b0c19da4a"
              }
            ],
            "subnets": [
              "subnet-0869fc392d7d6d406",
              "subnet-09af89a6b0c19da4a"
            ],
            "tags": {
              "Name": "sistemainventario-alb"
            },
            "tags_all": {
              "Name": "sistemainventario-alb"
            },
            "timeouts": null,
            "vpc_id": "vpc-0727183964baeafd6",
            "xff_header_processing_mode": "append",
            "zone_id": "Z3AADJGX6KTTL2"
          },
          "sensitive_attributes": [],
          "identity_schema_version": 0,
          "identity": {
            "arn": "arn:aws:elasticloadbalancing:us-east-2:251740340893:loadbalancer/app/sistemainventario-alb/9af885062253383f"
          },
          "private": "eyJlMmJmYjczMC1lY2FhLTExZTYtOGY4OC0zNDM2M2JjN2M0YzAiOnsiY3JlYXRlIjo2MDAwMDAwMDAwMDAsImRlbGV0ZSI6NjAwMDAwMDAwMDAwLCJ1cGRhdGUiOjYwMDAwMDAwMDAwMH19",
          "dependencies": [
            "module.security_groups.aws_security_group.alb_sg",
            "module.vpc.aws_subnet.public_a",
            "module.vpc.aws_subnet.public_b",
            "module.vpc.aws_vpc.vpc"
          ],
          "create_before_destroy": true
        }
      ]
    },
    {
      "module": "module.alb",
      "mode": "managed",
      "type": "aws_lb_listener",
      "name": "http",
      "provider": "provider[\"registry.terraform.io/hashicorp/aws\"]",
      "instances": [
        {
          "schema_version": 0,
          "attributes": {
            "alpn_policy": null,
            "arn": "arn:aws:elasticloadbalancing:us-east-2:251740340893:listener/app/sistemainventario-alb/9af885062253383f/22907df38b1738a9",
            "certificate_arn": null,
            "default_action": [
              {
                "authenticate_cognito": [],
                "authenticate_oidc": [],
                "fixed_response": [],
                "forward": [],
                "order": 1,
                "redirect": [],
                "target_group_arn": "arn:aws:elasticloadbalancing:us-east-2:251740340893:targetgroup/sistemainventario-tg/a9911b08eeb6ec55",
                "type": "forward"
              }
            ],
            "id": "arn:aws:elasticloadbalancing:us-east-2:251740340893:listener/app/sistemainventario-alb/9af885062253383f/22907df38b1738a9",
            "load_balancer_arn": "arn:aws:elasticloadbalancing:us-east-2:251740340893:loadbalancer/app/sistemainventario-alb/9af885062253383f",
            "mutual_authentication": [],
            "port": 80,
            "protocol": "HTTP",
            "region": "us-east-2",
            "routing_http_request_x_amzn_mtls_clientcert_header_name": null,
            "routing_http_request_x_amzn_mtls_clientcert_issuer_header_name": null,
            "routing_http_request_x_amzn_mtls_clientcert_leaf_header_name": null,
            "routing_http_request_x_amzn_mtls_clientcert_serial_number_header_name": null,
            "routing_http_request_x_amzn_mtls_clientcert_subject_header_name": null,
            "routing_http_request_x_amzn_mtls_clientcert_validity_header_name": null,
            "routing_http_request_x_amzn_tls_cipher_suite_header_name": null,
            "routing_http_request_x_amzn_tls_version_header_name": null,
            "routing_http_response_access_control_allow_credentials_header_value": "",
            "routing_http_response_access_control_allow_headers_header_value": "",
            "routing_http_response_access_control_allow_methods_header_value": "",
            "routing_http_response_access_control_allow_origin_header_value": "",
            "routing_http_response_access_control_expose_headers_header_value": "",
            "routing_http_response_access_control_max_age_header_value": "",
            "routing_http_response_content_security_policy_header_value": "",
            "routing_http_response_server_enabled": true,
            "routing_http_response_strict_transport_security_header_value": "",
            "routing_http_response_x_content_type_options_header_value": "",
            "routing_http_response_x_frame_options_header_value": "",
            "ssl_policy": "",
            "tags": {},
            "tags_all": {},
            "tcp_idle_timeout_seconds": null,
            "timeouts": null
          },
          "sensitive_attributes": [],
          "identity_schema_version": 0,
          "identity": {
            "arn": "arn:aws:elasticloadbalancing:us-east-2:251740340893:listener/app/sistemainventario-alb/9af885062253383f/22907df38b1738a9"
          },
          "private": "eyJlMmJmYjczMC1lY2FhLTExZTYtOGY4OC0zNDM2M2JjN2M0YzAiOnsiY3JlYXRlIjozMDAwMDAwMDAwMDAsInVwZGF0ZSI6MzAwMDAwMDAwMDAwfX0=",
          "dependencies": [
            "module.alb.aws_lb.this",
            "module.alb.aws_lb_target_group.this",
            "module.security_groups.aws_security_group.alb_sg",
            "module.vpc.aws_subnet.public_a",
            "module.vpc.aws_subnet.public_b",
            "module.vpc.aws_vpc.vpc"
          ]
        }
      ]
    },
    {
      "module": "module.alb",
      "mode": "managed",
      "type": "aws_lb_target_group",
      "name": "this",
      "provider": "provider[\"registry.terraform.io/hashicorp/aws\"]",
      "instances": [
        {
          "schema_version": 0,
          "attributes": {
            "arn": "arn:aws:elasticloadbalancing:us-east-2:251740340893:targetgroup/sistemainventario-tg/a9911b08eeb6ec55",
            "arn_suffix": "targetgroup/sistemainventario-tg/a9911b08eeb6ec55",
            "connection_termination": null,
            "deregistration_delay": "300",
            "health_check": [
              {
                "enabled": true,
                "healthy_threshold": 2,
                "interval": 30,
                "matcher": "200-399",
                "path": "/",
                "port": "traffic-port",
                "protocol": "HTTP",
                "timeout": 5,
                "unhealthy_threshold": 2
              }
            ],
            "id": "arn:aws:elasticloadbalancing:us-east-2:251740340893:targetgroup/sistemainventario-tg/a9911b08eeb6ec55",
            "ip_address_type": "ipv4",
            "lambda_multi_value_headers_enabled": false,
            "load_balancer_arns": [
              "arn:aws:elasticloadbalancing:us-east-2:251740340893:loadbalancer/app/sistemainventario-alb/9af885062253383f"
            ],
            "load_balancing_algorithm_type": "round_robin",
            "load_balancing_anomaly_mitigation": "off",
            "load_balancing_cross_zone_enabled": "use_load_balancer_configuration",
            "name": "sistemainventario-tg",
            "name_prefix": "",
            "port": 3000,
            "preserve_client_ip": null,
            "protocol": "HTTP",
            "protocol_version": "HTTP1",
            "proxy_protocol_v2": false,
            "region": "us-east-2",
            "slow_start": 0,
            "stickiness": [
              {
                "cookie_duration": 86400,
                "cookie_name": "",
                "enabled": false,
                "type": "lb_cookie"
              }
            ],
            "tags": {
              "Name": "sistemainventario-target-group"
            },
            "tags_all": {
              "Name": "sistemainventario-target-group"
            },
            "target_failover": [
              {
                "on_deregistration": null,
                "on_unhealthy": null
              }
            ],
            "target_group_health": [
              {
                "dns_failover": [
                  {
                    "minimum_healthy_targets_count": "1",
                    "minimum_healthy_targets_percentage": "off"
                  }
                ],
                "unhealthy_state_routing": [
                  {
                    "minimum_healthy_targets_count": 1,
                    "minimum_healthy_targets_percentage": "off"
                  }
                ]
              }
            ],
            "target_health_state": [
              {
                "enable_unhealthy_connection_termination": null,
                "unhealthy_draining_interval": null
              }
            ],
            "target_type": "ip",
            "vpc_id": "vpc-0727183964baeafd6"
          },
          "sensitive_attributes": [],
          "identity_schema_version": 0,
          "identity": {
            "arn": "arn:aws:elasticloadbalancing:us-east-2:251740340893:targetgroup/sistemainventario-tg/a9911b08eeb6ec55"
          },
          "private": "bnVsbA==",
          "dependencies": [
            "module.vpc.aws_vpc.vpc"
          ]
        }
      ]
    },
    {
      "module": "module.apigateway",
      "mode": "managed",
      "type": "aws_api_gateway_deployment",
      "name": "api_deploy",
      "provider": "provider[\"registry.terraform.io/hashicorp/aws\"]",
      "instances": [
        {
          "schema_version": 0,
          "attributes": {
            "created_date": "2025-12-06T08:21:21Z",
            "description": "",
            "id": "jh6pc2",
            "region": "us-east-2",
            "rest_api_id": "tm08jxb8a1",
            "triggers": {
              "redeployment": "485ec63b7c2ebc988d54c09cb631ff5907588c16"
            },
            "variables": null
          },
          "sensitive_attributes": [],
          "identity_schema_version": 0,
          "private": "bnVsbA==",
          "dependencies": [
            "module.alb.aws_lb.this",
            "module.apigateway.aws_api_gateway_integration.proxy_integration",
            "module.apigateway.aws_api_gateway_integration.root_integration",
            "module.apigateway.aws_api_gateway_method.proxy_method",
            "module.apigateway.aws_api_gateway_method.root_method",
            "module.apigateway.aws_api_gateway_resource.proxy",
            "module.apigateway.aws_api_gateway_rest_api.api",
            "module.security_groups.aws_security_group.alb_sg",
            "module.vpc.aws_subnet.public_a",
            "module.vpc.aws_subnet.public_b",
            "module.vpc.aws_vpc.vpc"
          ],
          "create_before_destroy": true
        }
      ]
    },
    {
      "module": "module.apigateway",
      "mode": "managed",
      "type": "aws_api_gateway_integration",
      "name": "proxy_integration",
      "provider": "provider[\"registry.terraform.io/hashicorp/aws\"]",
      "instances": [
        {
          "schema_version": 0,
          "attributes": {
            "cache_key_parameters": [],
            "cache_namespace": "hmhmb6",
            "connection_id": "",
            "connection_type": "INTERNET",
            "content_handling": "",
            "credentials": "",
            "http_method": "ANY",
            "id": "agi-tm08jxb8a1-hmhmb6-ANY",
            "integration_http_method": "ANY",
            "passthrough_behavior": "WHEN_NO_MATCH",
            "region": "us-east-2",
            "request_parameters": {
              "integration.request.path.proxy": "method.request.path.proxy"
            },
            "request_templates": {},
            "resource_id": "hmhmb6",
            "rest_api_id": "tm08jxb8a1",
            "timeout_milliseconds": 29000,
            "tls_config": [],
            "type": "HTTP_PROXY",
            "uri": "http://sistemainventario-alb-789571889.us-east-2.elb.amazonaws.com/{proxy}"
          },
          "sensitive_attributes": [],
          "identity_schema_version": 0,
          "private": "bnVsbA==",
          "dependencies": [
            "module.alb.aws_lb.this",
            "module.apigateway.aws_api_gateway_method.proxy_method",
            "module.apigateway.aws_api_gateway_resource.proxy",
            "module.apigateway.aws_api_gateway_rest_api.api",
            "module.security_groups.aws_security_group.alb_sg",
            "module.vpc.aws_subnet.public_a",
            "module.vpc.aws_subnet.public_b",
            "module.vpc.aws_vpc.vpc"
          ],
          "create_before_destroy": true
        }
      ]
    },
    {
      "module": "module.apigateway",
      "mode": "managed",
      "type": "aws_api_gateway_integration",
      "name": "root_integration",
      "provider": "provider[\"registry.terraform.io/hashicorp/aws\"]",
      "instances": [
        {
          "schema_version": 0,
          "attributes": {
            "cache_key_parameters": [],
            "cache_namespace": "jqbonij59h",
            "connection_id": "",
            "connection_type": "INTERNET",
            "content_handling": "",
            "credentials": "",
            "http_method": "ANY",
            "id": "agi-tm08jxb8a1-jqbonij59h-ANY",
            "integration_http_method": "ANY",
            "passthrough_behavior": "WHEN_NO_MATCH",
            "region": "us-east-2",
            "request_parameters": {},
            "request_templates": {},
            "resource_id": "jqbonij59h",
            "rest_api_id": "tm08jxb8a1",
            "timeout_milliseconds": 29000,
            "tls_config": [],
            "type": "HTTP_PROXY",
            "uri": "http://sistemainventario-alb-789571889.us-east-2.elb.amazonaws.com/"
          },
          "sensitive_attributes": [],
          "identity_schema_version": 0,
          "private": "bnVsbA==",
          "dependencies": [
            "module.alb.aws_lb.this",
            "module.apigateway.aws_api_gateway_method.root_method",
            "module.apigateway.aws_api_gateway_rest_api.api",
            "module.security_groups.aws_security_group.alb_sg",
            "module.vpc.aws_subnet.public_a",
            "module.vpc.aws_subnet.public_b",
            "module.vpc.aws_vpc.vpc"
          ],
          "create_before_destroy": true
        }
      ]
    },
    {
      "module": "module.apigateway",
      "mode": "managed",
      "type": "aws_api_gateway_method",
      "name": "proxy_method",
      "provider": "provider[\"registry.terraform.io/hashicorp/aws\"]",
      "instances": [
        {
          "schema_version": 0,
          "attributes": {
            "api_key_required": false,
            "authorization": "NONE",
            "authorization_scopes": [],
            "authorizer_id": "",
            "http_method": "ANY",
            "id": "agm-tm08jxb8a1-hmhmb6-ANY",
            "operation_name": "",
            "region": "us-east-2",
            "request_models": {},
            "request_parameters": {
              "method.request.path.proxy": true
            },
            "request_validator_id": "",
            "resource_id": "hmhmb6",
            "rest_api_id": "tm08jxb8a1"
          },
          "sensitive_attributes": [],
          "identity_schema_version": 0,
          "private": "bnVsbA==",
          "dependencies": [
            "module.apigateway.aws_api_gateway_resource.proxy",
            "module.apigateway.aws_api_gateway_rest_api.api"
          ],
          "create_before_destroy": true
        }
      ]
    },
    {
      "module": "module.apigateway",
      "mode": "managed",
      "type": "aws_api_gateway_method",
      "name": "root_method",
      "provider": "provider[\"registry.terraform.io/hashicorp/aws\"]",
      "instances": [
        {
          "schema_version": 0,
          "attributes": {
            "api_key_required": false,
            "authorization": "NONE",
            "authorization_scopes": [],
            "authorizer_id": "",
            "http_method": "ANY",
            "id": "agm-tm08jxb8a1-jqbonij59h-ANY",
            "operation_name": "",
            "region": "us-east-2",
            "request_models": {},
            "request_parameters": {},
            "request_validator_id": "",
            "resource_id": "jqbonij59h",
            "rest_api_id": "tm08jxb8a1"
          },
          "sensitive_attributes": [],
          "identity_schema_version": 0,
          "private": "bnVsbA==",
          "dependencies": [
            "module.apigateway.aws_api_gateway_rest_api.api"
          ],
          "create_before_destroy": true
        }
      ]
    },
    {
      "module": "module.apigateway",
      "mode": "managed",
      "type": "aws_api_gateway_resource",
      "name": "proxy",
      "provider": "provider[\"registry.terraform.io/hashicorp/aws\"]",
      "instances": [
        {
          "schema_version": 0,
          "attributes": {
            "id": "hmhmb6",
            "parent_id": "jqbonij59h",
            "path": "/{proxy+}",
            "path_part": "{proxy+}",
            "region": "us-east-2",
            "rest_api_id": "tm08jxb8a1"
          },
          "sensitive_attributes": [],
          "identity_schema_version": 0,
          "private": "bnVsbA==",
          "dependencies": [
            "module.apigateway.aws_api_gateway_rest_api.api"
          ],
          "create_before_destroy": true
        }
      ]
    },
    {
      "module": "module.apigateway",
      "mode": "managed",
      "type": "aws_api_gateway_rest_api",
      "name": "api",
      "provider": "provider[\"registry.terraform.io/hashicorp/aws\"]",
      "instances": [
        {
          "schema_version": 0,
          "attributes": {
            "api_key_source": "HEADER",
            "arn": "arn:aws:apigateway:us-east-2::/restapis/tm08jxb8a1",
            "binary_media_types": [],
            "body": null,
            "created_date": "2025-12-06T08:17:58Z",
            "description": "API Gateway para sistema-inventario",
            "disable_execute_api_endpoint": false,
            "endpoint_configuration": [
              {
                "ip_address_type": "ipv4",
                "types": [
                  "EDGE"
                ],
                "vpc_endpoint_ids": []
              }
            ],
            "execution_arn": "arn:aws:execute-api:us-east-2:251740340893:tm08jxb8a1",
            "fail_on_warnings": null,
            "id": "tm08jxb8a1",
            "minimum_compression_size": "",
            "name": "sistema-inventario-api",
            "parameters": null,
            "policy": "",
            "put_rest_api_mode": null,
            "region": "us-east-2",
            "root_resource_id": "jqbonij59h",
            "tags": {},
            "tags_all": {}
          },
          "sensitive_attributes": [],
          "identity_schema_version": 0,
          "private": "bnVsbA==",
          "create_before_destroy": true
        }
      ]
    },
    {
      "module": "module.apigateway",
      "mode": "managed",
      "type": "aws_api_gateway_stage",
      "name": "api_stage",
      "provider": "provider[\"registry.terraform.io/hashicorp/aws\"]",
      "instances": [
        {
          "schema_version": 0,
          "attributes": {
            "access_log_settings": [],
            "arn": "arn:aws:apigateway:us-east-2::/restapis/tm08jxb8a1/stages/dev",
            "cache_cluster_enabled": false,
            "cache_cluster_size": "",
            "canary_settings": [],
            "client_certificate_id": "",
            "deployment_id": "jh6pc2",
            "description": "",
            "documentation_version": "",
            "execution_arn": "arn:aws:execute-api:us-east-2:251740340893:tm08jxb8a1/dev",
            "id": "ags-tm08jxb8a1-dev",
            "invoke_url": "https://tm08jxb8a1.execute-api.us-east-2.amazonaws.com/dev",
            "region": "us-east-2",
            "rest_api_id": "tm08jxb8a1",
            "stage_name": "dev",
            "tags": {},
            "tags_all": {},
            "variables": {},
            "web_acl_arn": "",
            "xray_tracing_enabled": false
          },
          "sensitive_attributes": [],
          "identity_schema_version": 0,
          "private": "bnVsbA==",
          "dependencies": [
            "module.alb.aws_lb.this",
            "module.apigateway.aws_api_gateway_deployment.api_deploy",
            "module.apigateway.aws_api_gateway_integration.proxy_integration",
            "module.apigateway.aws_api_gateway_integration.root_integration",
            "module.apigateway.aws_api_gateway_method.proxy_method",
            "module.apigateway.aws_api_gateway_method.root_method",
            "module.apigateway.aws_api_gateway_resource.proxy",
            "module.apigateway.aws_api_gateway_rest_api.api",
            "module.security_groups.aws_security_group.alb_sg",
            "module.vpc.aws_subnet.public_a",
            "module.vpc.aws_subnet.public_b",
            "module.vpc.aws_vpc.vpc"
          ]
        }
      ]
    },
    {
      "module": "module.cloudfront",
      "mode": "managed",
      "type": "aws_cloudfront_distribution",
      "name": "frontend",
      "provider": "provider[\"registry.terraform.io/hashicorp/aws\"]",
      "instances": [
        {
          "schema_version": 1,
          "attributes": {
            "aliases": [],
            "anycast_ip_list_id": "",
            "arn": "arn:aws:cloudfront::251740340893:distribution/E30P1H8CWHOPRY",
            "caller_reference": "terraform-20251206082126105200000008",
            "comment": "sistemainventario frontend distribution",
            "continuous_deployment_policy_id": "",
            "custom_error_response": [
              {
                "error_caching_min_ttl": 0,
                "error_code": 403,
                "response_code": 200,
                "response_page_path": "/index.html"
              },
              {
                "error_caching_min_ttl": 0,
                "error_code": 404,
                "response_code": 200,
                "response_page_path": "/index.html"
              }
            ],
            "default_cache_behavior": [
              {
                "allowed_methods": [
                  "GET",
                  "HEAD",
                  "OPTIONS"
                ],
                "cache_policy_id": "",
                "cached_methods": [
                  "GET",
                  "HEAD"
                ],
                "compress": true,
                "default_ttl": 3600,
                "field_level_encryption_id": "",
                "forwarded_values": [
                  {
                    "cookies": [
                      {
                        "forward": "none",
                        "whitelisted_names": []
                      }
                    ],
                    "headers": [],
                    "query_string": false,
                    "query_string_cache_keys": []
                  }
                ],
                "function_association": [],
                "grpc_config": [
                  {
                    "enabled": false
                  }
                ],
                "lambda_function_association": [],
                "max_ttl": 86400,
                "min_ttl": 0,
                "origin_request_policy_id": "",
                "realtime_log_config_arn": "",
                "response_headers_policy_id": "",
                "smooth_streaming": false,
                "target_origin_id": "S3-sistemainventario-frontend-dev",
                "trusted_key_groups": [],
                "trusted_signers": [],
                "viewer_protocol_policy": "redirect-to-https"
              }
            ],
            "default_root_object": "index.html",
            "domain_name": "d3jw6gz11h7bzw.cloudfront.net",
            "enabled": true,
            "etag": "E390RIPPC681OL",
            "hosted_zone_id": "Z2FDTNDATAQYW2",
            "http_version": "http2",
            "id": "E30P1H8CWHOPRY",
            "in_progress_validation_batches": 0,
            "is_ipv6_enabled": true,
            "last_modified_time": "2025-12-06 10:12:03.186 +0000 UTC",
            "logging_config": [],
            "ordered_cache_behavior": [
              {
                "allowed_methods": [
                  "DELETE",
                  "GET",
                  "HEAD",
                  "OPTIONS",
                  "PATCH",
                  "POST",
                  "PUT"
                ],
                "cache_policy_id": "",
                "cached_methods": [
                  "GET",
                  "HEAD"
                ],
                "compress": true,
                "default_ttl": 0,
                "field_level_encryption_id": "",
                "forwarded_values": [
                  {
                    "cookies": [
                      {
                        "forward": "all",
                        "whitelisted_names": []
                      }
                    ],
                    "headers": [
                      "Authorization",
                      "Content-Type"
                    ],
                    "query_string": true,
                    "query_string_cache_keys": []
                  }
                ],
                "function_association": [],
                "grpc_config": [
                  {
                    "enabled": false
                  }
                ],
                "lambda_function_association": [],
                "max_ttl": 0,
                "min_ttl": 0,
                "origin_request_policy_id": "",
                "path_pattern": "/api/*",
                "realtime_log_config_arn": "",
                "response_headers_policy_id": "",
                "smooth_streaming": false,
                "target_origin_id": "API-Gateway",
                "trusted_key_groups": [],
                "trusted_signers": [],
                "viewer_protocol_policy": "https-only"
              }
            ],
            "origin": [
              {
                "connection_attempts": 3,
                "connection_timeout": 10,
                "custom_header": [],
                "custom_origin_config": [
                  {
                    "http_port": 80,
                    "https_port": 443,
                    "origin_keepalive_timeout": 5,
                    "origin_protocol_policy": "https-only",
                    "origin_read_timeout": 30,
                    "origin_ssl_protocols": [
                      "TLSv1.2"
                    ]
                  }
                ],
                "domain_name": "tm08jxb8a1.execute-api.us-east-2.amazonaws.com",
                "origin_access_control_id": "",
                "origin_id": "API-Gateway",
                "origin_path": "",
                "origin_shield": [],
                "response_completion_timeout": 0,
                "s3_origin_config": [],
                "vpc_origin_config": []
              },
              {
                "connection_attempts": 3,
                "connection_timeout": 10,
                "custom_header": [],
                "custom_origin_config": [],
                "domain_name": "sistemainventario-frontend-dev.s3.us-east-2.amazonaws.com",
                "origin_access_control_id": "",
                "origin_id": "S3-sistemainventario-frontend-dev",
                "origin_path": "",
                "origin_shield": [],
                "response_completion_timeout": 0,
                "s3_origin_config": [
                  {
                    "origin_access_identity": "origin-access-identity/cloudfront/E1EYKDLDEVWNY5"
                  }
                ],
                "vpc_origin_config": []
              }
            ],
            "origin_group": [],
            "price_class": "PriceClass_100",
            "restrictions": [
              {
                "geo_restriction": [
                  {
                    "locations": [],
                    "restriction_type": "none"
                  }
                ]
              }
            ],
            "retain_on_delete": false,
            "staging": false,
            "status": "Deployed",
            "tags": {
              "Environment": "dev",
              "Name": "sistemainventario-cloudfront"
            },
            "tags_all": {
              "Environment": "dev",
              "Name": "sistemainventario-cloudfront"
            },
            "trusted_key_groups": [
              {
                "enabled": false,
                "items": []
              }
            ],
            "trusted_signers": [
              {
                "enabled": false,
                "items": []
              }
            ],
            "viewer_certificate": [
              {
                "acm_certificate_arn": "",
                "cloudfront_default_certificate": true,
                "iam_certificate_id": "",
                "minimum_protocol_version": "TLSv1",
                "ssl_support_method": ""
              }
            ],
            "wait_for_deployment": true,
            "web_acl_id": ""
          },
          "sensitive_attributes": [],
          "identity_schema_version": 0,
          "private": "eyJzY2hlbWFfdmVyc2lvbiI6IjEifQ==",
          "dependencies": [
            "module.alb.aws_lb.this",
            "module.apigateway.aws_api_gateway_deployment.api_deploy",
            "module.apigateway.aws_api_gateway_integration.proxy_integration",
            "module.apigateway.aws_api_gateway_integration.root_integration",
            "module.apigateway.aws_api_gateway_method.proxy_method",
            "module.apigateway.aws_api_gateway_method.root_method",
            "module.apigateway.aws_api_gateway_resource.proxy",
            "module.apigateway.aws_api_gateway_rest_api.api",
            "module.apigateway.aws_api_gateway_stage.api_stage",
            "module.cloudfront.aws_cloudfront_origin_access_identity.oai",
            "module.cloudfront.aws_s3_bucket.frontend",
            "module.cloudfront.data.aws_acm_certificate.cert",
            "module.security_groups.aws_security_group.alb_sg",
            "module.vpc.aws_subnet.public_a",
            "module.vpc.aws_subnet.public_b",
            "module.vpc.aws_vpc.vpc",
            "module.waf.aws_wafv2_ip_set.blocked_ips",
            "module.waf.aws_wafv2_web_acl.main",
            "module.waf.aws_wafv2_web_acl_logging_configuration.main"
          ]
        }
      ]
    },
    {
      "module": "module.cloudfront",
      "mode": "managed",
      "type": "aws_cloudfront_origin_access_identity",
      "name": "oai",
      "provider": "provider[\"registry.terraform.io/hashicorp/aws\"]",
      "instances": [
        {
          "schema_version": 0,
          "attributes": {
            "arn": "arn:aws:cloudfront::251740340893:origin-access-identity/E1EYKDLDEVWNY5",
            "caller_reference": "terraform-20251206082122738600000007",
            "cloudfront_access_identity_path": "origin-access-identity/cloudfront/E1EYKDLDEVWNY5",
            "comment": "OAI for sistemainventario frontend",
            "etag": "E3UN6WX5RRO2AG",
            "iam_arn": "arn:aws:iam::cloudfront:user/CloudFront Origin Access Identity E1EYKDLDEVWNY5",
            "id": "E1EYKDLDEVWNY5",
            "s3_canonical_user_id": "ea19141dff7b2394eed8848c8ab64dff3fda18a9aa547c0f018fe7d2d6b525f4d3b3ec57953f1b8d387e43e500623780"
          },
          "sensitive_attributes": [],
          "identity_schema_version": 0,
          "private": "bnVsbA==",
          "dependencies": [
            "module.alb.aws_lb.this",
            "module.apigateway.aws_api_gateway_deployment.api_deploy",
            "module.apigateway.aws_api_gateway_integration.proxy_integration",
            "module.apigateway.aws_api_gateway_integration.root_integration",
            "module.apigateway.aws_api_gateway_method.proxy_method",
            "module.apigateway.aws_api_gateway_method.root_method",
            "module.apigateway.aws_api_gateway_resource.proxy",
            "module.apigateway.aws_api_gateway_rest_api.api",
            "module.apigateway.aws_api_gateway_stage.api_stage",
            "module.security_groups.aws_security_group.alb_sg",
            "module.vpc.aws_subnet.public_a",
            "module.vpc.aws_subnet.public_b",
            "module.vpc.aws_vpc.vpc",
            "module.waf.aws_wafv2_ip_set.blocked_ips",
            "module.waf.aws_wafv2_web_acl.main",
            "module.waf.aws_wafv2_web_acl_logging_configuration.main"
          ]
        }
      ]
    },
    {
      "module": "module.cloudfront",
      "mode": "managed",
      "type": "aws_s3_bucket",
      "name": "frontend",
      "provider": "provider[\"registry.terraform.io/hashicorp/aws\"]",
      "instances": [
        {
          "schema_version": 0,
          "attributes": {
            "acceleration_status": "",
            "acl": null,
            "arn": "arn:aws:s3:::sistemainventario-frontend-dev",
            "bucket": "sistemainventario-frontend-dev",
            "bucket_domain_name": "sistemainventario-frontend-dev.s3.amazonaws.com",
            "bucket_prefix": "",
            "bucket_region": "us-east-2",
            "bucket_regional_domain_name": "sistemainventario-frontend-dev.s3.us-east-2.amazonaws.com",
            "cors_rule": [],
            "force_destroy": false,
            "grant": [
              {
                "id": "da123f32073c4fbdb822623d73dafd5c00764f0be8e72fcbe4d6e2385fd1de7f",
                "permissions": [
                  "FULL_CONTROL"
                ],
                "type": "CanonicalUser",
                "uri": ""
              }
            ],
            "hosted_zone_id": "Z2O1EMRO9K5GLX",
            "id": "sistemainventario-frontend-dev",
            "lifecycle_rule": [],
            "logging": [],
            "object_lock_configuration": [],
            "object_lock_enabled": false,
            "policy": "{\"Statement\":[{\"Action\":\"s3:GetObject\",\"Effect\":\"Allow\",\"Principal\":{\"AWS\":\"arn:aws:iam::cloudfront:user/CloudFront Origin Access Identity E1EYKDLDEVWNY5\"},\"Resource\":\"arn:aws:s3:::sistemainventario-frontend-dev/*\",\"Sid\":\"AllowCloudFrontOAI\"}],\"Version\":\"2012-10-17\"}",
            "region": "us-east-2",
            "replication_configuration": [],
            "request_payer": "BucketOwner",
            "server_side_encryption_configuration": [
              {
                "rule": [
                  {
                    "apply_server_side_encryption_by_default": [
                      {
                        "kms_master_key_id": "",
                        "sse_algorithm": "AES256"
                      }
                    ],
                    "bucket_key_enabled": false
                  }
                ]
              }
            ],
            "tags": {
              "Environment": "dev",
              "Name": "sistemainventario-frontend"
            },
            "tags_all": {
              "Environment": "dev",
              "Name": "sistemainventario-frontend"
            },
            "timeouts": null,
            "versioning": [
              {
                "enabled": true,
                "mfa_delete": false
              }
            ],
            "website": [
              {
                "error_document": "index.html",
                "index_document": "index.html",
                "redirect_all_requests_to": "",
                "routing_rules": ""
              }
            ],
            "website_domain": "s3-website.us-east-2.amazonaws.com",
            "website_endpoint": "sistemainventario-frontend-dev.s3-website.us-east-2.amazonaws.com"
          },
          "sensitive_attributes": [],
          "identity_schema_version": 0,
          "identity": {
            "account_id": "251740340893",
            "bucket": "sistemainventario-frontend-dev",
            "region": "us-east-2"
          },
          "private": "eyJlMmJmYjczMC1lY2FhLTExZTYtOGY4OC0zNDM2M2JjN2M0YzAiOnsiY3JlYXRlIjoxMjAwMDAwMDAwMDAwLCJkZWxldGUiOjM2MDAwMDAwMDAwMDAsInJlYWQiOjEyMDAwMDAwMDAwMDAsInVwZGF0ZSI6MTIwMDAwMDAwMDAwMH19",
          "dependencies": [
            "module.alb.aws_lb.this",
            "module.apigateway.aws_api_gateway_deployment.api_deploy",
            "module.apigateway.aws_api_gateway_integration.proxy_integration",
            "module.apigateway.aws_api_gateway_integration.root_integration",
            "module.apigateway.aws_api_gateway_method.proxy_method",
            "module.apigateway.aws_api_gateway_method.root_method",
            "module.apigateway.aws_api_gateway_resource.proxy",
            "module.apigateway.aws_api_gateway_rest_api.api",
            "module.apigateway.aws_api_gateway_stage.api_stage",
            "module.security_groups.aws_security_group.alb_sg",
            "module.vpc.aws_subnet.public_a",
            "module.vpc.aws_subnet.public_b",
            "module.vpc.aws_vpc.vpc",
            "module.waf.aws_wafv2_ip_set.blocked_ips",
            "module.waf.aws_wafv2_web_acl.main",
            "module.waf.aws_wafv2_web_acl_logging_configuration.main"
          ]
        }
      ]
    },
    {
      "module": "module.cloudfront",
      "mode": "managed",
      "type": "aws_s3_bucket_policy",
      "name": "frontend",
      "provider": "provider[\"registry.terraform.io/hashicorp/aws\"]",
      "instances": [
        {
          "schema_version": 0,
          "attributes": {
            "bucket": "sistemainventario-frontend-dev",
            "id": "sistemainventario-frontend-dev",
            "policy": "{\"Statement\":[{\"Action\":\"s3:GetObject\",\"Effect\":\"Allow\",\"Principal\":{\"AWS\":\"arn:aws:iam::cloudfront:user/CloudFront Origin Access Identity E1EYKDLDEVWNY5\"},\"Resource\":\"arn:aws:s3:::sistemainventario-frontend-dev/*\",\"Sid\":\"AllowCloudFrontOAI\"}],\"Version\":\"2012-10-17\"}",
            "region": "us-east-2"
          },
          "sensitive_attributes": [],
          "identity_schema_version": 0,
          "identity": {
            "account_id": "251740340893",
            "bucket": "sistemainventario-frontend-dev",
            "region": "us-east-2"
          },
          "private": "bnVsbA==",
          "dependencies": [
            "module.alb.aws_lb.this",
            "module.apigateway.aws_api_gateway_deployment.api_deploy",
            "module.apigateway.aws_api_gateway_integration.proxy_integration",
            "module.apigateway.aws_api_gateway_integration.root_integration",
            "module.apigateway.aws_api_gateway_method.proxy_method",
            "module.apigateway.aws_api_gateway_method.root_method",
            "module.apigateway.aws_api_gateway_resource.proxy",
            "module.apigateway.aws_api_gateway_rest_api.api",
            "module.apigateway.aws_api_gateway_stage.api_stage",
            "module.cloudfront.aws_cloudfront_origin_access_identity.oai",
            "module.cloudfront.aws_s3_bucket.frontend",
            "module.security_groups.aws_security_group.alb_sg",
            "module.vpc.aws_subnet.public_a",
            "module.vpc.aws_subnet.public_b",
            "module.vpc.aws_vpc.vpc",
            "module.waf.aws_wafv2_ip_set.blocked_ips",
            "module.waf.aws_wafv2_web_acl.main",
            "module.waf.aws_wafv2_web_acl_logging_configuration.main"
          ]
        }
      ]
    },
    {
      "module": "module.cloudfront",
      "mode": "managed",
      "type": "aws_s3_bucket_public_access_block",
      "name": "frontend",
      "provider": "provider[\"registry.terraform.io/hashicorp/aws\"]",
      "instances": [
        {
          "schema_version": 0,
          "attributes": {
            "block_public_acls": true,
            "block_public_policy": true,
            "bucket": "sistemainventario-frontend-dev",
            "id": "sistemainventario-frontend-dev",
            "ignore_public_acls": true,
            "region": "us-east-2",
            "restrict_public_buckets": true,
            "skip_destroy": null
          },
          "sensitive_attributes": [],
          "identity_schema_version": 0,
          "identity": {
            "account_id": "251740340893",
            "bucket": "sistemainventario-frontend-dev",
            "region": "us-east-2"
          },
          "private": "bnVsbA==",
          "dependencies": [
            "module.alb.aws_lb.this",
            "module.apigateway.aws_api_gateway_deployment.api_deploy",
            "module.apigateway.aws_api_gateway_integration.proxy_integration",
            "module.apigateway.aws_api_gateway_integration.root_integration",
            "module.apigateway.aws_api_gateway_method.proxy_method",
            "module.apigateway.aws_api_gateway_method.root_method",
            "module.apigateway.aws_api_gateway_resource.proxy",
            "module.apigateway.aws_api_gateway_rest_api.api",
            "module.apigateway.aws_api_gateway_stage.api_stage",
            "module.cloudfront.aws_s3_bucket.frontend",
            "module.security_groups.aws_security_group.alb_sg",
            "module.vpc.aws_subnet.public_a",
            "module.vpc.aws_subnet.public_b",
            "module.vpc.aws_vpc.vpc",
            "module.waf.aws_wafv2_ip_set.blocked_ips",
            "module.waf.aws_wafv2_web_acl.main",
            "module.waf.aws_wafv2_web_acl_logging_configuration.main"
          ]
        }
      ]
    },
    {
      "module": "module.cloudfront",
      "mode": "managed",
      "type": "aws_s3_bucket_versioning",
      "name": "frontend",
      "provider": "provider[\"registry.terraform.io/hashicorp/aws\"]",
      "instances": [
        {
          "schema_version": 0,
          "attributes": {
            "bucket": "sistemainventario-frontend-dev",
            "expected_bucket_owner": "",
            "id": "sistemainventario-frontend-dev",
            "mfa": null,
            "region": "us-east-2",
            "versioning_configuration": [
              {
                "mfa_delete": "",
                "status": "Enabled"
              }
            ]
          },
          "sensitive_attributes": [],
          "identity_schema_version": 0,
          "identity": {
            "account_id": "251740340893",
            "bucket": "sistemainventario-frontend-dev",
            "expected_bucket_owner": null,
            "region": "us-east-2"
          },
          "private": "bnVsbA==",
          "dependencies": [
            "module.alb.aws_lb.this",
            "module.apigateway.aws_api_gateway_deployment.api_deploy",
            "module.apigateway.aws_api_gateway_integration.proxy_integration",
            "module.apigateway.aws_api_gateway_integration.root_integration",
            "module.apigateway.aws_api_gateway_method.proxy_method",
            "module.apigateway.aws_api_gateway_method.root_method",
            "module.apigateway.aws_api_gateway_resource.proxy",
            "module.apigateway.aws_api_gateway_rest_api.api",
            "module.apigateway.aws_api_gateway_stage.api_stage",
            "module.cloudfront.aws_s3_bucket.frontend",
            "module.security_groups.aws_security_group.alb_sg",
            "module.vpc.aws_subnet.public_a",
            "module.vpc.aws_subnet.public_b",
            "module.vpc.aws_vpc.vpc",
            "module.waf.aws_wafv2_ip_set.blocked_ips",
            "module.waf.aws_wafv2_web_acl.main",
            "module.waf.aws_wafv2_web_acl_logging_configuration.main"
          ]
        }
      ]
    },
    {
      "module": "module.cloudfront",
      "mode": "managed",
      "type": "aws_s3_bucket_website_configuration",
      "name": "frontend",
      "provider": "provider[\"registry.terraform.io/hashicorp/aws\"]",
      "instances": [
        {
          "schema_version": 0,
          "attributes": {
            "bucket": "sistemainventario-frontend-dev",
            "error_document": [
              {
                "key": "index.html"
              }
            ],
            "expected_bucket_owner": "",
            "id": "sistemainventario-frontend-dev",
            "index_document": [
              {
                "suffix": "index.html"
              }
            ],
            "redirect_all_requests_to": [],
            "region": "us-east-2",
            "routing_rule": [],
            "routing_rules": "",
            "website_domain": "s3-website.us-east-2.amazonaws.com",
            "website_endpoint": "sistemainventario-frontend-dev.s3-website.us-east-2.amazonaws.com"
          },
          "sensitive_attributes": [],
          "identity_schema_version": 0,
          "identity": {
            "account_id": "251740340893",
            "bucket": "sistemainventario-frontend-dev",
            "expected_bucket_owner": null,
            "region": "us-east-2"
          },
          "private": "bnVsbA==",
          "dependencies": [
            "module.alb.aws_lb.this",
            "module.apigateway.aws_api_gateway_deployment.api_deploy",
            "module.apigateway.aws_api_gateway_integration.proxy_integration",
            "module.apigateway.aws_api_gateway_integration.root_integration",
            "module.apigateway.aws_api_gateway_method.proxy_method",
            "module.apigateway.aws_api_gateway_method.root_method",
            "module.apigateway.aws_api_gateway_resource.proxy",
            "module.apigateway.aws_api_gateway_rest_api.api",
            "module.apigateway.aws_api_gateway_stage.api_stage",
            "module.cloudfront.aws_s3_bucket.frontend",
            "module.security_groups.aws_security_group.alb_sg",
            "module.vpc.aws_subnet.public_a",
            "module.vpc.aws_subnet.public_b",
            "module.vpc.aws_vpc.vpc",
            "module.waf.aws_wafv2_ip_set.blocked_ips",
            "module.waf.aws_wafv2_web_acl.main",
            "module.waf.aws_wafv2_web_acl_logging_configuration.main"
          ]
        }
      ]
    },
    {
      "module": "module.cloudwatch",
      "mode": "managed",
      "type": "aws_cloudwatch_dashboard",
      "name": "main",
      "provider": "provider[\"registry.terraform.io/hashicorp/aws\"]",
      "instances": [
        {
          "schema_version": 0,
          "attributes": {
            "dashboard_arn": "arn:aws:cloudwatch::251740340893:dashboard/sistemainventario-dashboard",
            "dashboard_body": "{\"widgets\":[{\"properties\":{\"metrics\":[[\"AWS/ECS\",\"CPUUtilization\",{\"label\":\"ECS CPU\",\"stat\":\"Average\"}],[\".\",\"MemoryUtilization\",{\"label\":\"ECS Memory\",\"stat\":\"Average\"}]],\"period\":300,\"region\":\"us-east-2\",\"title\":\"ECS Metrics\"},\"type\":\"metric\"},{\"properties\":{\"metrics\":[[\"AWS/RDS\",\"CPUUtilization\",{\"label\":\"RDS CPU\",\"stat\":\"Average\"}],[\".\",\"DatabaseConnections\",{\"label\":\"DB Connections\",\"stat\":\"Average\"}],[\".\",\"FreeStorageSpace\",{\"label\":\"Free Storage\",\"stat\":\"Average\"}]],\"period\":300,\"region\":\"us-east-2\",\"title\":\"RDS Metrics\"},\"type\":\"metric\"},{\"properties\":{\"metrics\":[[\"AWS/ApplicationELB\",\"RequestCount\",{\"label\":\"Requests\",\"stat\":\"Sum\"}],[\".\",\"HTTPCode_Target_5XX_Count\",{\"label\":\"5xx Errors\",\"stat\":\"Sum\"}],[\".\",\"TargetResponseTime\",{\"label\":\"Response Time\",\"stat\":\"Average\"}]],\"period\":60,\"region\":\"us-east-2\",\"title\":\"ALB Metrics\"},\"type\":\"metric\"}]}",
            "dashboard_name": "sistemainventario-dashboard",
            "id": "sistemainventario-dashboard",
            "region": "us-east-2"
          },
          "sensitive_attributes": [],
          "identity_schema_version": 0,
          "private": "bnVsbA==",
          "dependencies": [
            "module.alb.aws_lb.this",
            "module.alb.aws_lb_listener.http",
            "module.alb.aws_lb_target_group.this",
            "module.fargate_backend.aws_ecs_cluster.this",
            "module.fargate_backend.aws_ecs_service.service",
            "module.fargate_backend.aws_ecs_task_definition.task",
            "module.fargate_backend.aws_iam_role.task_execution_role",
            "module.fargate_backend.aws_iam_role_policy.ecs_sns_publish",
            "module.fargate_backend.aws_iam_role_policy_attachment.ecs_task_execution_attachment",
            "module.fargate_backend.data.aws_iam_policy_document.ecs_task_assume_role",
            "module.rds.aws_db_instance.mysql",
            "module.rds.aws_db_parameter_group.rds_params",
            "module.rds.aws_db_subnet_group.rds_subnet_group",
            "module.security_groups.aws_security_group.alb_sg",
            "module.security_groups.aws_security_group.ec2_sg",
            "module.security_groups.aws_security_group.endpoint_sg",
            "module.security_groups.aws_security_group.rds_sg",
            "module.sns.aws_sns_topic.alertas",
            "module.sns.aws_sns_topic_policy.alertas",
            "module.sns.aws_sns_topic_subscription.email_alerts",
            "module.vpc.aws_internet_gateway.igw",
            "module.vpc.aws_route_table.private",
            "module.vpc.aws_route_table.public",
            "module.vpc.aws_route_table_association.private_ec2_a_assoc",
            "module.vpc.aws_route_table_association.private_ec2_b_assoc",
            "module.vpc.aws_route_table_association.private_rds_assoc",
            "module.vpc.aws_route_table_association.private_rds_b_assoc",
            "module.vpc.aws_route_table_association.public_assoc_a",
            "module.vpc.aws_route_table_association.public_assoc_b",
            "module.vpc.aws_subnet.private_ec2_a",
            "module.vpc.aws_subnet.private_ec2_b",
            "module.vpc.aws_subnet.private_rds",
            "module.vpc.aws_subnet.private_rds_b",
            "module.vpc.aws_subnet.public_a",
            "module.vpc.aws_subnet.public_b",
            "module.vpc.aws_vpc.vpc",
            "module.vpc.aws_vpc_endpoint.ecr_api",
            "module.vpc.aws_vpc_endpoint.ecr_dkr",
            "module.vpc.aws_vpc_endpoint.s3"
          ]
        }
      ]
    },
    {
      "module": "module.cloudwatch",
      "mode": "managed",
      "type": "aws_cloudwatch_log_group",
      "name": "ecs_logs",
      "provider": "provider[\"registry.terraform.io/hashicorp/aws\"]",
      "instances": [
        {
          "schema_version": 0,
          "attributes": {
            "arn": "arn:aws:logs:us-east-2:251740340893:log-group:/ecs/sistemainventario",
            "id": "/ecs/sistemainventario",
            "kms_key_id": "",
            "log_group_class": "STANDARD",
            "name": "/ecs/sistemainventario",
            "name_prefix": "",
            "region": "us-east-2",
            "retention_in_days": 7,
            "skip_destroy": false,
            "tags": {
              "Environment": "dev",
              "Name": "sistemainventario-ecs-logs"
            },
            "tags_all": {
              "Environment": "dev",
              "Name": "sistemainventario-ecs-logs"
            }
          },
          "sensitive_attributes": [],
          "identity_schema_version": 0,
          "identity": {
            "account_id": "251740340893",
            "name": "/ecs/sistemainventario",
            "region": "us-east-2"
          },
          "private": "bnVsbA==",
          "dependencies": [
            "module.alb.aws_lb.this",
            "module.alb.aws_lb_listener.http",
            "module.alb.aws_lb_target_group.this",
            "module.fargate_backend.aws_ecs_cluster.this",
            "module.fargate_backend.aws_ecs_service.service",
            "module.fargate_backend.aws_ecs_task_definition.task",
            "module.fargate_backend.aws_iam_role.task_execution_role",
            "module.fargate_backend.aws_iam_role_policy.ecs_sns_publish",
            "module.fargate_backend.aws_iam_role_policy_attachment.ecs_task_execution_attachment",
            "module.fargate_backend.data.aws_iam_policy_document.ecs_task_assume_role",
            "module.rds.aws_db_instance.mysql",
            "module.rds.aws_db_parameter_group.rds_params",
            "module.rds.aws_db_subnet_group.rds_subnet_group",
            "module.security_groups.aws_security_group.alb_sg",
            "module.security_groups.aws_security_group.ec2_sg",
            "module.security_groups.aws_security_group.endpoint_sg",
            "module.security_groups.aws_security_group.rds_sg",
            "module.sns.aws_sns_topic.alertas",
            "module.sns.aws_sns_topic_policy.alertas",
            "module.sns.aws_sns_topic_subscription.email_alerts",
            "module.vpc.aws_internet_gateway.igw",
            "module.vpc.aws_route_table.private",
            "module.vpc.aws_route_table.public",
            "module.vpc.aws_route_table_association.private_ec2_a_assoc",
            "module.vpc.aws_route_table_association.private_ec2_b_assoc",
            "module.vpc.aws_route_table_association.private_rds_assoc",
            "module.vpc.aws_route_table_association.private_rds_b_assoc",
            "module.vpc.aws_route_table_association.public_assoc_a",
            "module.vpc.aws_route_table_association.public_assoc_b",
            "module.vpc.aws_subnet.private_ec2_a",
            "module.vpc.aws_subnet.private_ec2_b",
            "module.vpc.aws_subnet.private_rds",
            "module.vpc.aws_subnet.private_rds_b",
            "module.vpc.aws_subnet.public_a",
            "module.vpc.aws_subnet.public_b",
            "module.vpc.aws_vpc.vpc",
            "module.vpc.aws_vpc_endpoint.ecr_api",
            "module.vpc.aws_vpc_endpoint.ecr_dkr",
            "module.vpc.aws_vpc_endpoint.s3"
          ]
        }
      ]
    },
    {
      "module": "module.cloudwatch",
      "mode": "managed",
      "type": "aws_cloudwatch_log_group",
      "name": "rds_error_logs",
      "provider": "provider[\"registry.terraform.io/hashicorp/aws\"]",
      "instances": [
        {
          "schema_version": 0,
          "attributes": {
            "arn": "arn:aws:logs:us-east-2:251740340893:log-group:/aws/rds/instance/sistemainventario-mysql/error",
            "id": "/aws/rds/instance/sistemainventario-mysql/error",
            "kms_key_id": "",
            "log_group_class": "STANDARD",
            "name": "/aws/rds/instance/sistemainventario-mysql/error",
            "name_prefix": "",
            "region": "us-east-2",
            "retention_in_days": 7,
            "skip_destroy": false,
            "tags": {
              "Environment": "dev",
              "Name": "sistemainventario-rds-error-logs"
            },
            "tags_all": {
              "Environment": "dev",
              "Name": "sistemainventario-rds-error-logs"
            }
          },
          "sensitive_attributes": [],
          "identity_schema_version": 0,
          "identity": {
            "account_id": "251740340893",
            "name": "/aws/rds/instance/sistemainventario-mysql/error",
            "region": "us-east-2"
          },
          "private": "bnVsbA==",
          "dependencies": [
            "module.alb.aws_lb.this",
            "module.alb.aws_lb_listener.http",
            "module.alb.aws_lb_target_group.this",
            "module.fargate_backend.aws_ecs_cluster.this",
            "module.fargate_backend.aws_ecs_service.service",
            "module.fargate_backend.aws_ecs_task_definition.task",
            "module.fargate_backend.aws_iam_role.task_execution_role",
            "module.fargate_backend.aws_iam_role_policy.ecs_sns_publish",
            "module.fargate_backend.aws_iam_role_policy_attachment.ecs_task_execution_attachment",
            "module.fargate_backend.data.aws_iam_policy_document.ecs_task_assume_role",
            "module.rds.aws_db_instance.mysql",
            "module.rds.aws_db_parameter_group.rds_params",
            "module.rds.aws_db_subnet_group.rds_subnet_group",
            "module.security_groups.aws_security_group.alb_sg",
            "module.security_groups.aws_security_group.ec2_sg",
            "module.security_groups.aws_security_group.endpoint_sg",
            "module.security_groups.aws_security_group.rds_sg",
            "module.sns.aws_sns_topic.alertas",
            "module.sns.aws_sns_topic_policy.alertas",
            "module.sns.aws_sns_topic_subscription.email_alerts",
            "module.vpc.aws_internet_gateway.igw",
            "module.vpc.aws_route_table.private",
            "module.vpc.aws_route_table.public",
            "module.vpc.aws_route_table_association.private_ec2_a_assoc",
            "module.vpc.aws_route_table_association.private_ec2_b_assoc",
            "module.vpc.aws_route_table_association.private_rds_assoc",
            "module.vpc.aws_route_table_association.private_rds_b_assoc",
            "module.vpc.aws_route_table_association.public_assoc_a",
            "module.vpc.aws_route_table_association.public_assoc_b",
            "module.vpc.aws_subnet.private_ec2_a",
            "module.vpc.aws_subnet.private_ec2_b",
            "module.vpc.aws_subnet.private_rds",
            "module.vpc.aws_subnet.private_rds_b",
            "module.vpc.aws_subnet.public_a",
            "module.vpc.aws_subnet.public_b",
            "module.vpc.aws_vpc.vpc",
            "module.vpc.aws_vpc_endpoint.ecr_api",
            "module.vpc.aws_vpc_endpoint.ecr_dkr",
            "module.vpc.aws_vpc_endpoint.s3"
          ]
        }
      ]
    },
    {
      "module": "module.cloudwatch",
      "mode": "managed",
      "type": "aws_cloudwatch_log_group",
      "name": "rds_general_logs",
      "provider": "provider[\"registry.terraform.io/hashicorp/aws\"]",
      "instances": [
        {
          "schema_version": 0,
          "attributes": {
            "arn": "arn:aws:logs:us-east-2:251740340893:log-group:/aws/rds/instance/sistemainventario-mysql/general",
            "id": "/aws/rds/instance/sistemainventario-mysql/general",
            "kms_key_id": "",
            "log_group_class": "STANDARD",
            "name": "/aws/rds/instance/sistemainventario-mysql/general",
            "name_prefix": "",
            "region": "us-east-2",
            "retention_in_days": 7,
            "skip_destroy": false,
            "tags": {
              "Environment": "dev",
              "Name": "sistemainventario-rds-general-logs"
            },
            "tags_all": {
              "Environment": "dev",
              "Name": "sistemainventario-rds-general-logs"
            }
          },
          "sensitive_attributes": [],
          "identity_schema_version": 0,
          "identity": {
            "account_id": "251740340893",
            "name": "/aws/rds/instance/sistemainventario-mysql/general",
            "region": "us-east-2"
          },
          "private": "bnVsbA==",
          "dependencies": [
            "module.alb.aws_lb.this",
            "module.alb.aws_lb_listener.http",
            "module.alb.aws_lb_target_group.this",
            "module.fargate_backend.aws_ecs_cluster.this",
            "module.fargate_backend.aws_ecs_service.service",
            "module.fargate_backend.aws_ecs_task_definition.task",
            "module.fargate_backend.aws_iam_role.task_execution_role",
            "module.fargate_backend.aws_iam_role_policy.ecs_sns_publish",
            "module.fargate_backend.aws_iam_role_policy_attachment.ecs_task_execution_attachment",
            "module.fargate_backend.data.aws_iam_policy_document.ecs_task_assume_role",
            "module.rds.aws_db_instance.mysql",
            "module.rds.aws_db_parameter_group.rds_params",
            "module.rds.aws_db_subnet_group.rds_subnet_group",
            "module.security_groups.aws_security_group.alb_sg",
            "module.security_groups.aws_security_group.ec2_sg",
            "module.security_groups.aws_security_group.endpoint_sg",
            "module.security_groups.aws_security_group.rds_sg",
            "module.sns.aws_sns_topic.alertas",
            "module.sns.aws_sns_topic_policy.alertas",
            "module.sns.aws_sns_topic_subscription.email_alerts",
            "module.vpc.aws_internet_gateway.igw",
            "module.vpc.aws_route_table.private",
            "module.vpc.aws_route_table.public",
            "module.vpc.aws_route_table_association.private_ec2_a_assoc",
            "module.vpc.aws_route_table_association.private_ec2_b_assoc",
            "module.vpc.aws_route_table_association.private_rds_assoc",
            "module.vpc.aws_route_table_association.private_rds_b_assoc",
            "module.vpc.aws_route_table_association.public_assoc_a",
            "module.vpc.aws_route_table_association.public_assoc_b",
            "module.vpc.aws_subnet.private_ec2_a",
            "module.vpc.aws_subnet.private_ec2_b",
            "module.vpc.aws_subnet.private_rds",
            "module.vpc.aws_subnet.private_rds_b",
            "module.vpc.aws_subnet.public_a",
            "module.vpc.aws_subnet.public_b",
            "module.vpc.aws_vpc.vpc",
            "module.vpc.aws_vpc_endpoint.ecr_api",
            "module.vpc.aws_vpc_endpoint.ecr_dkr",
            "module.vpc.aws_vpc_endpoint.s3"
          ]
        }
      ]
    },
    {
      "module": "module.cloudwatch",
      "mode": "managed",
      "type": "aws_cloudwatch_log_group",
      "name": "rds_slowquery_logs",
      "provider": "provider[\"registry.terraform.io/hashicorp/aws\"]",
      "instances": [
        {
          "schema_version": 0,
          "attributes": {
            "arn": "arn:aws:logs:us-east-2:251740340893:log-group:/aws/rds/instance/sistemainventario-mysql/slowquery",
            "id": "/aws/rds/instance/sistemainventario-mysql/slowquery",
            "kms_key_id": "",
            "log_group_class": "STANDARD",
            "name": "/aws/rds/instance/sistemainventario-mysql/slowquery",
            "name_prefix": "",
            "region": "us-east-2",
            "retention_in_days": 7,
            "skip_destroy": false,
            "tags": {
              "Environment": "dev",
              "Name": "sistemainventario-rds-slowquery-logs"
            },
            "tags_all": {
              "Environment": "dev",
              "Name": "sistemainventario-rds-slowquery-logs"
            }
          },
          "sensitive_attributes": [],
          "identity_schema_version": 0,
          "identity": {
            "account_id": "251740340893",
            "name": "/aws/rds/instance/sistemainventario-mysql/slowquery",
            "region": "us-east-2"
          },
          "private": "bnVsbA==",
          "dependencies": [
            "module.alb.aws_lb.this",
            "module.alb.aws_lb_listener.http",
            "module.alb.aws_lb_target_group.this",
            "module.fargate_backend.aws_ecs_cluster.this",
            "module.fargate_backend.aws_ecs_service.service",
            "module.fargate_backend.aws_ecs_task_definition.task",
            "module.fargate_backend.aws_iam_role.task_execution_role",
            "module.fargate_backend.aws_iam_role_policy.ecs_sns_publish",
            "module.fargate_backend.aws_iam_role_policy_attachment.ecs_task_execution_attachment",
            "module.fargate_backend.data.aws_iam_policy_document.ecs_task_assume_role",
            "module.rds.aws_db_instance.mysql",
            "module.rds.aws_db_parameter_group.rds_params",
            "module.rds.aws_db_subnet_group.rds_subnet_group",
            "module.security_groups.aws_security_group.alb_sg",
            "module.security_groups.aws_security_group.ec2_sg",
            "module.security_groups.aws_security_group.endpoint_sg",
            "module.security_groups.aws_security_group.rds_sg",
            "module.sns.aws_sns_topic.alertas",
            "module.sns.aws_sns_topic_policy.alertas",
            "module.sns.aws_sns_topic_subscription.email_alerts",
            "module.vpc.aws_internet_gateway.igw",
            "module.vpc.aws_route_table.private",
            "module.vpc.aws_route_table.public",
            "module.vpc.aws_route_table_association.private_ec2_a_assoc",
            "module.vpc.aws_route_table_association.private_ec2_b_assoc",
            "module.vpc.aws_route_table_association.private_rds_assoc",
            "module.vpc.aws_route_table_association.private_rds_b_assoc",
            "module.vpc.aws_route_table_association.public_assoc_a",
            "module.vpc.aws_route_table_association.public_assoc_b",
            "module.vpc.aws_subnet.private_ec2_a",
            "module.vpc.aws_subnet.private_ec2_b",
            "module.vpc.aws_subnet.private_rds",
            "module.vpc.aws_subnet.private_rds_b",
            "module.vpc.aws_subnet.public_a",
            "module.vpc.aws_subnet.public_b",
            "module.vpc.aws_vpc.vpc",
            "module.vpc.aws_vpc_endpoint.ecr_api",
            "module.vpc.aws_vpc_endpoint.ecr_dkr",
            "module.vpc.aws_vpc_endpoint.s3"
          ]
        }
      ]
    },
    {
      "module": "module.cloudwatch",
      "mode": "managed",
      "type": "aws_cloudwatch_metric_alarm",
      "name": "alb_5xx_errors",
      "provider": "provider[\"registry.terraform.io/hashicorp/aws\"]",
      "instances": [
        {
          "schema_version": 1,
          "attributes": {
            "actions_enabled": true,
            "alarm_actions": [],
            "alarm_description": "Alerta cuando hay muchos errores 5xx en ALB",
            "alarm_name": "sistemainventario-alb-5xx-errors",
            "arn": "arn:aws:cloudwatch:us-east-2:251740340893:alarm:sistemainventario-alb-5xx-errors",
            "comparison_operator": "GreaterThanThreshold",
            "datapoints_to_alarm": 0,
            "dimensions": {
              "LoadBalancer": "app/sistemainventario-alb/9af885062253383f"
            },
            "evaluate_low_sample_count_percentiles": "",
            "evaluation_periods": 2,
            "extended_statistic": "",
            "id": "sistemainventario-alb-5xx-errors",
            "insufficient_data_actions": [],
            "metric_name": "HTTPCode_Target_5XX_Count",
            "metric_query": [],
            "namespace": "AWS/ApplicationELB",
            "ok_actions": [],
            "period": 60,
            "region": "us-east-2",
            "statistic": "Sum",
            "tags": {
              "Environment": "dev",
              "Name": "sistemainventario-alb-5xx-alarm"
            },
            "tags_all": {
              "Environment": "dev",
              "Name": "sistemainventario-alb-5xx-alarm"
            },
            "threshold": 10,
            "threshold_metric_id": "",
            "treat_missing_data": "notBreaching",
            "unit": ""
          },
          "sensitive_attributes": [],
          "identity_schema_version": 0,
          "identity": {
            "account_id": "251740340893",
            "alarm_name": "sistemainventario-alb-5xx-errors",
            "region": "us-east-2"
          },
          "private": "eyJzY2hlbWFfdmVyc2lvbiI6IjEifQ==",
          "dependencies": [
            "module.alb.aws_lb.this",
            "module.alb.aws_lb_listener.http",
            "module.alb.aws_lb_target_group.this",
            "module.fargate_backend.aws_ecs_cluster.this",
            "module.fargate_backend.aws_ecs_service.service",
            "module.fargate_backend.aws_ecs_task_definition.task",
            "module.fargate_backend.aws_iam_role.task_execution_role",
            "module.fargate_backend.aws_iam_role_policy.ecs_sns_publish",
            "module.fargate_backend.aws_iam_role_policy_attachment.ecs_task_execution_attachment",
            "module.fargate_backend.data.aws_iam_policy_document.ecs_task_assume_role",
            "module.rds.aws_db_instance.mysql",
            "module.rds.aws_db_parameter_group.rds_params",
            "module.rds.aws_db_subnet_group.rds_subnet_group",
            "module.security_groups.aws_security_group.alb_sg",
            "module.security_groups.aws_security_group.ec2_sg",
            "module.security_groups.aws_security_group.endpoint_sg",
            "module.security_groups.aws_security_group.rds_sg",
            "module.sns.aws_sns_topic.alertas",
            "module.sns.aws_sns_topic_policy.alertas",
            "module.sns.aws_sns_topic_subscription.email_alerts",
            "module.vpc.aws_internet_gateway.igw",
            "module.vpc.aws_route_table.private",
            "module.vpc.aws_route_table.public",
            "module.vpc.aws_route_table_association.private_ec2_a_assoc",
            "module.vpc.aws_route_table_association.private_ec2_b_assoc",
            "module.vpc.aws_route_table_association.private_rds_assoc",
            "module.vpc.aws_route_table_association.private_rds_b_assoc",
            "module.vpc.aws_route_table_association.public_assoc_a",
            "module.vpc.aws_route_table_association.public_assoc_b",
            "module.vpc.aws_subnet.private_ec2_a",
            "module.vpc.aws_subnet.private_ec2_b",
            "module.vpc.aws_subnet.private_rds",
            "module.vpc.aws_subnet.private_rds_b",
            "module.vpc.aws_subnet.public_a",
            "module.vpc.aws_subnet.public_b",
            "module.vpc.aws_vpc.vpc",
            "module.vpc.aws_vpc_endpoint.ecr_api",
            "module.vpc.aws_vpc_endpoint.ecr_dkr",
            "module.vpc.aws_vpc_endpoint.s3"
          ]
        }
      ]
    },
    {
      "module": "module.cloudwatch",
      "mode": "managed",
      "type": "aws_cloudwatch_metric_alarm",
      "name": "ecs_cpu_high",
      "provider": "provider[\"registry.terraform.io/hashicorp/aws\"]",
      "instances": [
        {
          "schema_version": 1,
          "attributes": {
            "actions_enabled": true,
            "alarm_actions": [],
            "alarm_description": "Alerta cuando CPU de ECS supera 80%",
            "alarm_name": "sistemainventario-ecs-cpu-high",
            "arn": "arn:aws:cloudwatch:us-east-2:251740340893:alarm:sistemainventario-ecs-cpu-high",
            "comparison_operator": "GreaterThanThreshold",
            "datapoints_to_alarm": 0,
            "dimensions": {
              "ClusterName": "arn:aws:ecs:us-east-2:251740340893:cluster/sistemainventario-cluster",
              "ServiceName": "sistemainventario-service"
            },
            "evaluate_low_sample_count_percentiles": "",
            "evaluation_periods": 2,
            "extended_statistic": "",
            "id": "sistemainventario-ecs-cpu-high",
            "insufficient_data_actions": [],
            "metric_name": "CPUUtilization",
            "metric_query": [],
            "namespace": "AWS/ECS",
            "ok_actions": [],
            "period": 300,
            "region": "us-east-2",
            "statistic": "Average",
            "tags": {
              "Environment": "dev",
              "Name": "sistemainventario-ecs-cpu-alarm"
            },
            "tags_all": {
              "Environment": "dev",
              "Name": "sistemainventario-ecs-cpu-alarm"
            },
            "threshold": 80,
            "threshold_metric_id": "",
            "treat_missing_data": "notBreaching",
            "unit": ""
          },
          "sensitive_attributes": [],
          "identity_schema_version": 0,
          "identity": {
            "account_id": "251740340893",
            "alarm_name": "sistemainventario-ecs-cpu-high",
            "region": "us-east-2"
          },
          "private": "eyJzY2hlbWFfdmVyc2lvbiI6IjEifQ==",
          "dependencies": [
            "module.alb.aws_lb.this",
            "module.alb.aws_lb_listener.http",
            "module.alb.aws_lb_target_group.this",
            "module.fargate_backend.aws_ecs_cluster.this",
            "module.fargate_backend.aws_ecs_service.service",
            "module.fargate_backend.aws_ecs_task_definition.task",
            "module.fargate_backend.aws_iam_role.task_execution_role",
            "module.fargate_backend.aws_iam_role_policy.ecs_sns_publish",
            "module.fargate_backend.aws_iam_role_policy_attachment.ecs_task_execution_attachment",
            "module.fargate_backend.data.aws_iam_policy_document.ecs_task_assume_role",
            "module.rds.aws_db_instance.mysql",
            "module.rds.aws_db_parameter_group.rds_params",
            "module.rds.aws_db_subnet_group.rds_subnet_group",
            "module.security_groups.aws_security_group.alb_sg",
            "module.security_groups.aws_security_group.ec2_sg",
            "module.security_groups.aws_security_group.endpoint_sg",
            "module.security_groups.aws_security_group.rds_sg",
            "module.sns.aws_sns_topic.alertas",
            "module.sns.aws_sns_topic_policy.alertas",
            "module.sns.aws_sns_topic_subscription.email_alerts",
            "module.vpc.aws_internet_gateway.igw",
            "module.vpc.aws_route_table.private",
            "module.vpc.aws_route_table.public",
            "module.vpc.aws_route_table_association.private_ec2_a_assoc",
            "module.vpc.aws_route_table_association.private_ec2_b_assoc",
            "module.vpc.aws_route_table_association.private_rds_assoc",
            "module.vpc.aws_route_table_association.private_rds_b_assoc",
            "module.vpc.aws_route_table_association.public_assoc_a",
            "module.vpc.aws_route_table_association.public_assoc_b",
            "module.vpc.aws_subnet.private_ec2_a",
            "module.vpc.aws_subnet.private_ec2_b",
            "module.vpc.aws_subnet.private_rds",
            "module.vpc.aws_subnet.private_rds_b",
            "module.vpc.aws_subnet.public_a",
            "module.vpc.aws_subnet.public_b",
            "module.vpc.aws_vpc.vpc",
            "module.vpc.aws_vpc_endpoint.ecr_api",
            "module.vpc.aws_vpc_endpoint.ecr_dkr",
            "module.vpc.aws_vpc_endpoint.s3"
          ]
        }
      ]
    },
    {
      "module": "module.cloudwatch",
      "mode": "managed",
      "type": "aws_cloudwatch_metric_alarm",
      "name": "ecs_memory_high",
      "provider": "provider[\"registry.terraform.io/hashicorp/aws\"]",
      "instances": [
        {
          "schema_version": 1,
          "attributes": {
            "actions_enabled": true,
            "alarm_actions": [],
            "alarm_description": "Alerta cuando memoria de ECS supera 80%",
            "alarm_name": "sistemainventario-ecs-memory-high",
            "arn": "arn:aws:cloudwatch:us-east-2:251740340893:alarm:sistemainventario-ecs-memory-high",
            "comparison_operator": "GreaterThanThreshold",
            "datapoints_to_alarm": 0,
            "dimensions": {
              "ClusterName": "arn:aws:ecs:us-east-2:251740340893:cluster/sistemainventario-cluster",
              "ServiceName": "sistemainventario-service"
            },
            "evaluate_low_sample_count_percentiles": "",
            "evaluation_periods": 2,
            "extended_statistic": "",
            "id": "sistemainventario-ecs-memory-high",
            "insufficient_data_actions": [],
            "metric_name": "MemoryUtilization",
            "metric_query": [],
            "namespace": "AWS/ECS",
            "ok_actions": [],
            "period": 300,
            "region": "us-east-2",
            "statistic": "Average",
            "tags": {
              "Environment": "dev",
              "Name": "sistemainventario-ecs-memory-alarm"
            },
            "tags_all": {
              "Environment": "dev",
              "Name": "sistemainventario-ecs-memory-alarm"
            },
            "threshold": 80,
            "threshold_metric_id": "",
            "treat_missing_data": "notBreaching",
            "unit": ""
          },
          "sensitive_attributes": [],
          "identity_schema_version": 0,
          "identity": {
            "account_id": "251740340893",
            "alarm_name": "sistemainventario-ecs-memory-high",
            "region": "us-east-2"
          },
          "private": "eyJzY2hlbWFfdmVyc2lvbiI6IjEifQ==",
          "dependencies": [
            "module.alb.aws_lb.this",
            "module.alb.aws_lb_listener.http",
            "module.alb.aws_lb_target_group.this",
            "module.fargate_backend.aws_ecs_cluster.this",
            "module.fargate_backend.aws_ecs_service.service",
            "module.fargate_backend.aws_ecs_task_definition.task",
            "module.fargate_backend.aws_iam_role.task_execution_role",
            "module.fargate_backend.aws_iam_role_policy.ecs_sns_publish",
            "module.fargate_backend.aws_iam_role_policy_attachment.ecs_task_execution_attachment",
            "module.fargate_backend.data.aws_iam_policy_document.ecs_task_assume_role",
            "module.rds.aws_db_instance.mysql",
            "module.rds.aws_db_parameter_group.rds_params",
            "module.rds.aws_db_subnet_group.rds_subnet_group",
            "module.security_groups.aws_security_group.alb_sg",
            "module.security_groups.aws_security_group.ec2_sg",
            "module.security_groups.aws_security_group.endpoint_sg",
            "module.security_groups.aws_security_group.rds_sg",
            "module.sns.aws_sns_topic.alertas",
            "module.sns.aws_sns_topic_policy.alertas",
            "module.sns.aws_sns_topic_subscription.email_alerts",
            "module.vpc.aws_internet_gateway.igw",
            "module.vpc.aws_route_table.private",
            "module.vpc.aws_route_table.public",
            "module.vpc.aws_route_table_association.private_ec2_a_assoc",
            "module.vpc.aws_route_table_association.private_ec2_b_assoc",
            "module.vpc.aws_route_table_association.private_rds_assoc",
            "module.vpc.aws_route_table_association.private_rds_b_assoc",
            "module.vpc.aws_route_table_association.public_assoc_a",
            "module.vpc.aws_route_table_association.public_assoc_b",
            "module.vpc.aws_subnet.private_ec2_a",
            "module.vpc.aws_subnet.private_ec2_b",
            "module.vpc.aws_subnet.private_rds",
            "module.vpc.aws_subnet.private_rds_b",
            "module.vpc.aws_subnet.public_a",
            "module.vpc.aws_subnet.public_b",
            "module.vpc.aws_vpc.vpc",
            "module.vpc.aws_vpc_endpoint.ecr_api",
            "module.vpc.aws_vpc_endpoint.ecr_dkr",
            "module.vpc.aws_vpc_endpoint.s3"
          ]
        }
      ]
    },
    {
      "module": "module.cloudwatch",
      "mode": "managed",
      "type": "aws_cloudwatch_metric_alarm",
      "name": "rds_cpu_high",
      "provider": "provider[\"registry.terraform.io/hashicorp/aws\"]",
      "instances": [
        {
          "schema_version": 1,
          "attributes": {
            "actions_enabled": true,
            "alarm_actions": [],
            "alarm_description": "Alerta cuando CPU de RDS supera 80%",
            "alarm_name": "sistemainventario-rds-cpu-high",
            "arn": "arn:aws:cloudwatch:us-east-2:251740340893:alarm:sistemainventario-rds-cpu-high",
            "comparison_operator": "GreaterThanThreshold",
            "datapoints_to_alarm": 0,
            "dimensions": {
              "DBInstanceIdentifier": "sistemainventario-mysql.czksc4qkk6dj.us-east-2.rds.amazonaws.com"
            },
            "evaluate_low_sample_count_percentiles": "",
            "evaluation_periods": 2,
            "extended_statistic": "",
            "id": "sistemainventario-rds-cpu-high",
            "insufficient_data_actions": [],
            "metric_name": "CPUUtilization",
            "metric_query": [],
            "namespace": "AWS/RDS",
            "ok_actions": [],
            "period": 300,
            "region": "us-east-2",
            "statistic": "Average",
            "tags": {
              "Environment": "dev",
              "Name": "sistemainventario-rds-cpu-alarm"
            },
            "tags_all": {
              "Environment": "dev",
              "Name": "sistemainventario-rds-cpu-alarm"
            },
            "threshold": 80,
            "threshold_metric_id": "",
            "treat_missing_data": "notBreaching",
            "unit": ""
          },
          "sensitive_attributes": [],
          "identity_schema_version": 0,
          "identity": {
            "account_id": "251740340893",
            "alarm_name": "sistemainventario-rds-cpu-high",
            "region": "us-east-2"
          },
          "private": "eyJzY2hlbWFfdmVyc2lvbiI6IjEifQ==",
          "dependencies": [
            "module.alb.aws_lb.this",
            "module.alb.aws_lb_listener.http",
            "module.alb.aws_lb_target_group.this",
            "module.fargate_backend.aws_ecs_cluster.this",
            "module.fargate_backend.aws_ecs_service.service",
            "module.fargate_backend.aws_ecs_task_definition.task",
            "module.fargate_backend.aws_iam_role.task_execution_role",
            "module.fargate_backend.aws_iam_role_policy.ecs_sns_publish",
            "module.fargate_backend.aws_iam_role_policy_attachment.ecs_task_execution_attachment",
            "module.fargate_backend.data.aws_iam_policy_document.ecs_task_assume_role",
            "module.rds.aws_db_instance.mysql",
            "module.rds.aws_db_parameter_group.rds_params",
            "module.rds.aws_db_subnet_group.rds_subnet_group",
            "module.security_groups.aws_security_group.alb_sg",
            "module.security_groups.aws_security_group.ec2_sg",
            "module.security_groups.aws_security_group.endpoint_sg",
            "module.security_groups.aws_security_group.rds_sg",
            "module.sns.aws_sns_topic.alertas",
            "module.sns.aws_sns_topic_policy.alertas",
            "module.sns.aws_sns_topic_subscription.email_alerts",
            "module.vpc.aws_internet_gateway.igw",
            "module.vpc.aws_route_table.private",
            "module.vpc.aws_route_table.public",
            "module.vpc.aws_route_table_association.private_ec2_a_assoc",
            "module.vpc.aws_route_table_association.private_ec2_b_assoc",
            "module.vpc.aws_route_table_association.private_rds_assoc",
            "module.vpc.aws_route_table_association.private_rds_b_assoc",
            "module.vpc.aws_route_table_association.public_assoc_a",
            "module.vpc.aws_route_table_association.public_assoc_b",
            "module.vpc.aws_subnet.private_ec2_a",
            "module.vpc.aws_subnet.private_ec2_b",
            "module.vpc.aws_subnet.private_rds",
            "module.vpc.aws_subnet.private_rds_b",
            "module.vpc.aws_subnet.public_a",
            "module.vpc.aws_subnet.public_b",
            "module.vpc.aws_vpc.vpc",
            "module.vpc.aws_vpc_endpoint.ecr_api",
            "module.vpc.aws_vpc_endpoint.ecr_dkr",
            "module.vpc.aws_vpc_endpoint.s3"
          ]
        }
      ]
    },
    {
      "module": "module.cloudwatch",
      "mode": "managed",
      "type": "aws_cloudwatch_metric_alarm",
      "name": "rds_storage_low",
      "provider": "provider[\"registry.terraform.io/hashicorp/aws\"]",
      "instances": [
        {
          "schema_version": 1,
          "attributes": {
            "actions_enabled": true,
            "alarm_actions": [],
            "alarm_description": "Alerta cuando el espacio libre en RDS es bajo",
            "alarm_name": "sistemainventario-rds-storage-low",
            "arn": "arn:aws:cloudwatch:us-east-2:251740340893:alarm:sistemainventario-rds-storage-low",
            "comparison_operator": "LessThanThreshold",
            "datapoints_to_alarm": 0,
            "dimensions": {
              "DBInstanceIdentifier": "sistemainventario-mysql.czksc4qkk6dj.us-east-2.rds.amazonaws.com"
            },
            "evaluate_low_sample_count_percentiles": "",
            "evaluation_periods": 1,
            "extended_statistic": "",
            "id": "sistemainventario-rds-storage-low",
            "insufficient_data_actions": [],
            "metric_name": "FreeStorageSpace",
            "metric_query": [],
            "namespace": "AWS/RDS",
            "ok_actions": [],
            "period": 300,
            "region": "us-east-2",
            "statistic": "Average",
            "tags": {
              "Environment": "dev",
              "Name": "sistemainventario-rds-storage-alarm"
            },
            "tags_all": {
              "Environment": "dev",
              "Name": "sistemainventario-rds-storage-alarm"
            },
            "threshold": 5368709120,
            "threshold_metric_id": "",
            "treat_missing_data": "notBreaching",
            "unit": ""
          },
          "sensitive_attributes": [],
          "identity_schema_version": 0,
          "identity": {
            "account_id": "251740340893",
            "alarm_name": "sistemainventario-rds-storage-low",
            "region": "us-east-2"
          },
          "private": "eyJzY2hlbWFfdmVyc2lvbiI6IjEifQ==",
          "dependencies": [
            "module.alb.aws_lb.this",
            "module.alb.aws_lb_listener.http",
            "module.alb.aws_lb_target_group.this",
            "module.fargate_backend.aws_ecs_cluster.this",
            "module.fargate_backend.aws_ecs_service.service",
            "module.fargate_backend.aws_ecs_task_definition.task",
            "module.fargate_backend.aws_iam_role.task_execution_role",
            "module.fargate_backend.aws_iam_role_policy.ecs_sns_publish",
            "module.fargate_backend.aws_iam_role_policy_attachment.ecs_task_execution_attachment",
            "module.fargate_backend.data.aws_iam_policy_document.ecs_task_assume_role",
            "module.rds.aws_db_instance.mysql",
            "module.rds.aws_db_parameter_group.rds_params",
            "module.rds.aws_db_subnet_group.rds_subnet_group",
            "module.security_groups.aws_security_group.alb_sg",
            "module.security_groups.aws_security_group.ec2_sg",
            "module.security_groups.aws_security_group.endpoint_sg",
            "module.security_groups.aws_security_group.rds_sg",
            "module.sns.aws_sns_topic.alertas",
            "module.sns.aws_sns_topic_policy.alertas",
            "module.sns.aws_sns_topic_subscription.email_alerts",
            "module.vpc.aws_internet_gateway.igw",
            "module.vpc.aws_route_table.private",
            "module.vpc.aws_route_table.public",
            "module.vpc.aws_route_table_association.private_ec2_a_assoc",
            "module.vpc.aws_route_table_association.private_ec2_b_assoc",
            "module.vpc.aws_route_table_association.private_rds_assoc",
            "module.vpc.aws_route_table_association.private_rds_b_assoc",
            "module.vpc.aws_route_table_association.public_assoc_a",
            "module.vpc.aws_route_table_association.public_assoc_b",
            "module.vpc.aws_subnet.private_ec2_a",
            "module.vpc.aws_subnet.private_ec2_b",
            "module.vpc.aws_subnet.private_rds",
            "module.vpc.aws_subnet.private_rds_b",
            "module.vpc.aws_subnet.public_a",
            "module.vpc.aws_subnet.public_b",
            "module.vpc.aws_vpc.vpc",
            "module.vpc.aws_vpc_endpoint.ecr_api",
            "module.vpc.aws_vpc_endpoint.ecr_dkr",
            "module.vpc.aws_vpc_endpoint.s3"
          ]
        }
      ]
    },
    {
      "module": "module.fargate_backend",
      "mode": "data",
      "type": "aws_iam_policy_document",
      "name": "ecs_task_assume_role",
      "provider": "provider[\"registry.terraform.io/hashicorp/aws\"]",
      "instances": [
        {
          "schema_version": 0,
          "attributes": {
            "id": "1077804475",
            "json": "{\n  \"Version\": \"2012-10-17\",\n  \"Statement\": [\n    {\n      \"Effect\": \"Allow\",\n      \"Action\": \"sts:AssumeRole\",\n      \"Principal\": {\n        \"Service\": \"ecs-tasks.amazonaws.com\"\n      }\n    }\n  ]\n}",
            "minified_json": "{\"Version\":\"2012-10-17\",\"Statement\":[{\"Effect\":\"Allow\",\"Action\":\"sts:AssumeRole\",\"Principal\":{\"Service\":\"ecs-tasks.amazonaws.com\"}}]}",
            "override_json": null,
            "override_policy_documents": null,
            "policy_id": null,
            "source_json": null,
            "source_policy_documents": null,
            "statement": [
              {
                "actions": [
                  "sts:AssumeRole"
                ],
                "condition": [],
                "effect": "Allow",
                "not_actions": [],
                "not_principals": [],
                "not_resources": [],
                "principals": [
                  {
                    "identifiers": [
                      "ecs-tasks.amazonaws.com"
                    ],
                    "type": "Service"
                  }
                ],
                "resources": [],
                "sid": ""
              }
            ],
            "version": "2012-10-17"
          },
          "sensitive_attributes": [],
          "identity_schema_version": 0
        }
      ]
    },
    {
      "module": "module.fargate_backend",
      "mode": "managed",
      "type": "aws_ecs_cluster",
      "name": "this",
      "provider": "provider[\"registry.terraform.io/hashicorp/aws\"]",
      "instances": [
        {
          "schema_version": 0,
          "attributes": {
            "arn": "arn:aws:ecs:us-east-2:251740340893:cluster/sistemainventario-cluster",
            "configuration": [],
            "id": "arn:aws:ecs:us-east-2:251740340893:cluster/sistemainventario-cluster",
            "name": "sistemainventario-cluster",
            "region": "us-east-2",
            "service_connect_defaults": [],
            "setting": [
              {
                "name": "containerInsights",
                "value": "disabled"
              }
            ],
            "tags": {},
            "tags_all": {}
          },
          "sensitive_attributes": [],
          "identity_schema_version": 0,
          "private": "bnVsbA==",
          "dependencies": [
            "module.sns.aws_sns_topic.alertas",
            "module.sns.aws_sns_topic_policy.alertas",
            "module.sns.aws_sns_topic_subscription.email_alerts"
          ]
        }
      ]
    },
    {
      "module": "module.fargate_backend",
      "mode": "managed",
      "type": "aws_ecs_service",
      "name": "service",
      "provider": "provider[\"registry.terraform.io/hashicorp/aws\"]",
      "instances": [
        {
          "schema_version": 1,
          "attributes": {
            "alarms": [],
            "arn": "arn:aws:ecs:us-east-2:251740340893:service/sistemainventario-cluster/sistemainventario-service",
            "availability_zone_rebalancing": "ENABLED",
            "capacity_provider_strategy": [],
            "cluster": "arn:aws:ecs:us-east-2:251740340893:cluster/sistemainventario-cluster",
            "deployment_circuit_breaker": [
              {
                "enable": false,
                "rollback": false
              }
            ],
            "deployment_configuration": [
              {
                "bake_time_in_minutes": "0",
                "lifecycle_hook": [],
                "strategy": "ROLLING"
              }
            ],
            "deployment_controller": [
              {
                "type": "ECS"
              }
            ],
            "deployment_maximum_percent": 200,
            "deployment_minimum_healthy_percent": 100,
            "desired_count": 1,
            "enable_ecs_managed_tags": false,
            "enable_execute_command": false,
            "force_delete": null,
            "force_new_deployment": null,
            "health_check_grace_period_seconds": 0,
            "iam_role": "/aws-service-role/ecs.amazonaws.com/AWSServiceRoleForECS",
            "id": "arn:aws:ecs:us-east-2:251740340893:service/sistemainventario-cluster/sistemainventario-service",
            "launch_type": "FARGATE",
            "load_balancer": [
              {
                "advanced_configuration": [],
                "container_name": "app",
                "container_port": 3000,
                "elb_name": "",
                "target_group_arn": "arn:aws:elasticloadbalancing:us-east-2:251740340893:targetgroup/sistemainventario-tg/a9911b08eeb6ec55"
              }
            ],
            "name": "sistemainventario-service",
            "network_configuration": [
              {
                "assign_public_ip": false,
                "security_groups": [
                  "sg-0472d360ee1017112"
                ],
                "subnets": [
                  "subnet-00dc1f6e35d0cb90f",
                  "subnet-081ae8eead330896b"
                ]
              }
            ],
            "ordered_placement_strategy": [],
            "placement_constraints": [],
            "platform_version": "LATEST",
            "propagate_tags": "NONE",
            "region": "us-east-2",
            "scheduling_strategy": "REPLICA",
            "service_connect_configuration": [],
            "service_registries": [],
            "sigint_rollback": null,
            "tags": {},
            "tags_all": {},
            "task_definition": "arn:aws:ecs:us-east-2:251740340893:task-definition/sistemainventario-task:5",
            "timeouts": null,
            "triggers": {},
            "volume_configuration": [],
            "vpc_lattice_configurations": [],
            "wait_for_steady_state": false
          },
          "sensitive_attributes": [],
          "identity_schema_version": 0,
          "private": "eyJlMmJmYjczMC1lY2FhLTExZTYtOGY4OC0zNDM2M2JjN2M0YzAiOnsiY3JlYXRlIjoxMjAwMDAwMDAwMDAwLCJkZWxldGUiOjEyMDAwMDAwMDAwMDAsInVwZGF0ZSI6MTIwMDAwMDAwMDAwMH0sInNjaGVtYV92ZXJzaW9uIjoiMSJ9",
          "dependencies": [
            "module.alb.aws_lb.this",
            "module.alb.aws_lb_listener.http",
            "module.alb.aws_lb_target_group.this",
            "module.fargate_backend.aws_ecs_cluster.this",
            "module.fargate_backend.aws_ecs_task_definition.task",
            "module.fargate_backend.aws_iam_role.task_execution_role",
            "module.fargate_backend.data.aws_iam_policy_document.ecs_task_assume_role",
            "module.security_groups.aws_security_group.alb_sg",
            "module.security_groups.aws_security_group.ec2_sg",
            "module.sns.aws_sns_topic.alertas",
            "module.sns.aws_sns_topic_policy.alertas",
            "module.sns.aws_sns_topic_subscription.email_alerts",
            "module.vpc.aws_subnet.private_ec2_a",
            "module.vpc.aws_subnet.private_ec2_b",
            "module.vpc.aws_subnet.public_a",
            "module.vpc.aws_subnet.public_b",
            "module.vpc.aws_vpc.vpc"
          ]
        }
      ]
    },
    {
      "module": "module.fargate_backend",
      "mode": "managed",
      "type": "aws_ecs_task_definition",
      "name": "task",
      "provider": "provider[\"registry.terraform.io/hashicorp/aws\"]",
      "instances": [
        {
          "schema_version": 1,
          "attributes": {
            "arn": "arn:aws:ecs:us-east-2:251740340893:task-definition/sistemainventario-task:5",
            "arn_without_revision": "arn:aws:ecs:us-east-2:251740340893:task-definition/sistemainventario-task",
            "container_definitions": "[{\"environment\":[],\"essential\":true,\"image\":\"251740340893.dkr.ecr.us-east-2.amazonaws.com/sistemainventario-backend:latest\",\"mountPoints\":[],\"name\":\"app\",\"portMappings\":[{\"containerPort\":3000,\"hostPort\":3000,\"protocol\":\"tcp\"}],\"systemControls\":[],\"volumesFrom\":[]}]",
            "cpu": "256",
            "enable_fault_injection": false,
            "ephemeral_storage": [],
            "execution_role_arn": "arn:aws:iam::251740340893:role/sistemainventario-ecs-task-execution-role",
            "family": "sistemainventario-task",
            "id": "sistemainventario-task",
            "ipc_mode": "",
            "memory": "512",
            "network_mode": "awsvpc",
            "pid_mode": "",
            "placement_constraints": [],
            "proxy_configuration": [],
            "region": "us-east-2",
            "requires_compatibilities": [
              "FARGATE"
            ],
            "revision": 5,
            "runtime_platform": [],
            "skip_destroy": false,
            "tags": {},
            "tags_all": {},
            "task_role_arn": "",
            "track_latest": false,
            "volume": []
          },
          "sensitive_attributes": [],
          "identity_schema_version": 0,
          "private": "eyJzY2hlbWFfdmVyc2lvbiI6IjEifQ==",
          "dependencies": [
            "module.fargate_backend.aws_iam_role.task_execution_role",
            "module.fargate_backend.data.aws_iam_policy_document.ecs_task_assume_role",
            "module.sns.aws_sns_topic.alertas",
            "module.sns.aws_sns_topic_policy.alertas",
            "module.sns.aws_sns_topic_subscription.email_alerts"
          ]
        }
      ]
    },
    {
      "module": "module.fargate_backend",
      "mode": "managed",
      "type": "aws_iam_role",
      "name": "task_execution_role",
      "provider": "provider[\"registry.terraform.io/hashicorp/aws\"]",
      "instances": [
        {
          "schema_version": 0,
          "attributes": {
            "arn": "arn:aws:iam::251740340893:role/sistemainventario-ecs-task-execution-role",
            "assume_role_policy": "{\"Statement\":[{\"Action\":\"sts:AssumeRole\",\"Effect\":\"Allow\",\"Principal\":{\"Service\":\"ecs-tasks.amazonaws.com\"}}],\"Version\":\"2012-10-17\"}",
            "create_date": "2025-12-06T08:18:00Z",
            "description": "",
            "force_detach_policies": false,
            "id": "sistemainventario-ecs-task-execution-role",
            "inline_policy": [
              {
                "name": "sistemainventario-ecs-sns-publish",
                "policy": "{\"Version\":\"2012-10-17\",\"Statement\":[{\"Action\":[\"sns:Publish\"],\"Effect\":\"Allow\",\"Resource\":\"arn:aws:sns:us-east-2:251740340893:sistemainventario-alertas\"}]}"
              }
            ],
            "managed_policy_arns": [
              "arn:aws:iam::aws:policy/service-role/AmazonECSTaskExecutionRolePolicy"
            ],
            "max_session_duration": 3600,
            "name": "sistemainventario-ecs-task-execution-role",
            "name_prefix": "",
            "path": "/",
            "permissions_boundary": "",
            "tags": {},
            "tags_all": {},
            "unique_id": "AROATVHHEYKO6FOZMXT7G"
          },
          "sensitive_attributes": [],
          "identity_schema_version": 0,
          "identity": {
            "account_id": "251740340893",
            "name": "sistemainventario-ecs-task-execution-role"
          },
          "private": "bnVsbA==",
          "dependencies": [
            "module.fargate_backend.data.aws_iam_policy_document.ecs_task_assume_role",
            "module.sns.aws_sns_topic.alertas",
            "module.sns.aws_sns_topic_policy.alertas",
            "module.sns.aws_sns_topic_subscription.email_alerts"
          ]
        }
      ]
    },
    {
      "module": "module.fargate_backend",
      "mode": "managed",
      "type": "aws_iam_role_policy",
      "name": "ecs_sns_publish",
      "provider": "provider[\"registry.terraform.io/hashicorp/aws\"]",
      "instances": [
        {
          "schema_version": 0,
          "attributes": {
            "id": "sistemainventario-ecs-task-execution-role:sistemainventario-ecs-sns-publish",
            "name": "sistemainventario-ecs-sns-publish",
            "name_prefix": "",
            "policy": "{\"Version\":\"2012-10-17\",\"Statement\":[{\"Action\":[\"sns:Publish\"],\"Effect\":\"Allow\",\"Resource\":\"arn:aws:sns:us-east-2:251740340893:sistemainventario-alertas\"}]}",
            "role": "sistemainventario-ecs-task-execution-role"
          },
          "sensitive_attributes": [],
          "identity_schema_version": 0,
          "identity": {
            "account_id": "251740340893",
            "name": "sistemainventario-ecs-sns-publish",
            "role": "sistemainventario-ecs-task-execution-role"
          },
          "private": "bnVsbA==",
          "dependencies": [
            "module.fargate_backend.aws_iam_role.task_execution_role",
            "module.fargate_backend.data.aws_iam_policy_document.ecs_task_assume_role",
            "module.sns.aws_sns_topic.alertas",
            "module.sns.aws_sns_topic_policy.alertas",
            "module.sns.aws_sns_topic_subscription.email_alerts"
          ]
        }
      ]
    },
    {
      "module": "module.fargate_backend",
      "mode": "managed",
      "type": "aws_iam_role_policy_attachment",
      "name": "ecs_task_execution_attachment",
      "provider": "provider[\"registry.terraform.io/hashicorp/aws\"]",
      "instances": [
        {
          "schema_version": 0,
          "attributes": {
            "id": "sistemainventario-ecs-task-execution-role/arn:aws:iam::aws:policy/service-role/AmazonECSTaskExecutionRolePolicy",
            "policy_arn": "arn:aws:iam::aws:policy/service-role/AmazonECSTaskExecutionRolePolicy",
            "role": "sistemainventario-ecs-task-execution-role"
          },
          "sensitive_attributes": [],
          "identity_schema_version": 0,
          "identity": {
            "account_id": "251740340893",
            "policy_arn": "arn:aws:iam::aws:policy/service-role/AmazonECSTaskExecutionRolePolicy",
            "role": "sistemainventario-ecs-task-execution-role"
          },
          "private": "bnVsbA==",
          "dependencies": [
            "module.fargate_backend.aws_iam_role.task_execution_role",
            "module.fargate_backend.data.aws_iam_policy_document.ecs_task_assume_role",
            "module.sns.aws_sns_topic.alertas",
            "module.sns.aws_sns_topic_policy.alertas",
            "module.sns.aws_sns_topic_subscription.email_alerts"
          ]
        }
      ]
    },
    {
      "module": "module.rds",
      "mode": "managed",
      "type": "aws_db_instance",
      "name": "mysql",
      "provider": "provider[\"registry.terraform.io/hashicorp/aws\"]",
      "instances": [
        {
          "schema_version": 2,
          "attributes": {
            "address": "sistemainventario-mysql.czksc4qkk6dj.us-east-2.rds.amazonaws.com",
            "allocated_storage": 20,
            "allow_major_version_upgrade": null,
            "apply_immediately": false,
            "arn": "arn:aws:rds:us-east-2:251740340893:db:sistemainventario-mysql",
            "auto_minor_version_upgrade": true,
            "availability_zone": "us-east-2b",
            "backup_retention_period": 1,
            "backup_target": "region",
            "backup_window": "03:00-04:00",
            "blue_green_update": [],
            "ca_cert_identifier": "rds-ca-rsa2048-g1",
            "character_set_name": "",
            "copy_tags_to_snapshot": true,
            "custom_iam_instance_profile": "",
            "customer_owned_ip_enabled": false,
            "database_insights_mode": "standard",
            "db_name": "inventario",
            "db_subnet_group_name": "sistemainventario-rds-subnet-group",
            "dedicated_log_volume": false,
            "delete_automated_backups": true,
            "deletion_protection": false,
            "domain": "",
            "domain_auth_secret_arn": "",
            "domain_dns_ips": [],
            "domain_fqdn": "",
            "domain_iam_role_name": "",
            "domain_ou": "",
            "enabled_cloudwatch_logs_exports": [
              "error",
              "general",
              "slowquery"
            ],
            "endpoint": "sistemainventario-mysql.czksc4qkk6dj.us-east-2.rds.amazonaws.com:3306",
            "engine": "mysql",
            "engine_lifecycle_support": "open-source-rds-extended-support",
            "engine_version": "8.0.39",
            "engine_version_actual": "8.0.39",
            "final_snapshot_identifier": "sistemainventario-final-snapshot-2025-12-06-1012",
            "hosted_zone_id": "Z2XHWR1WZ565X2",
            "iam_database_authentication_enabled": false,
            "id": "db-LCVPB4NIZWDLOBZQV24JWDHJGU",
            "identifier": "sistemainventario-mysql",
            "identifier_prefix": "",
            "instance_class": "db.t3.micro",
            "iops": 3000,
            "kms_key_id": "arn:aws:kms:us-east-2:251740340893:key/ae606264-3abc-40fc-8c88-b2ab1e546570",
            "latest_restorable_time": "2025-12-06T10:10:00Z",
            "license_model": "general-public-license",
            "listener_endpoint": [],
            "maintenance_window": "mon:04:00-mon:05:00",
            "manage_master_user_password": null,
            "master_user_secret": [],
            "master_user_secret_kms_key_id": null,
            "max_allocated_storage": 100,
            "monitoring_interval": 0,
            "monitoring_role_arn": "",
            "multi_az": false,
            "nchar_character_set_name": "",
            "network_type": "IPV4",
            "option_group_name": "default:mysql-8-0",
            "parameter_group_name": "sistemainventario-mysql-params",
            "password": "Bo4rdsUrf333*",
            "password_wo": null,
            "password_wo_version": null,
            "performance_insights_enabled": false,
            "performance_insights_kms_key_id": "",
            "performance_insights_retention_period": 0,
            "port": 3306,
            "publicly_accessible": false,
            "region": "us-east-2",
            "replica_mode": "",
            "replicas": [],
            "replicate_source_db": "",
            "resource_id": "db-LCVPB4NIZWDLOBZQV24JWDHJGU",
            "restore_to_point_in_time": [],
            "s3_import": [],
            "skip_final_snapshot": true,
            "snapshot_identifier": null,
            "status": "available",
            "storage_encrypted": true,
            "storage_throughput": 125,
            "storage_type": "gp3",
            "tags": {
              "Environment": "dev",
              "Name": "sistemainventario-mysql"
            },
            "tags_all": {
              "Environment": "dev",
              "Name": "sistemainventario-mysql"
            },
            "timeouts": null,
            "timezone": "",
            "upgrade_storage_config": null,
            "username": "admin",
            "vpc_security_group_ids": [
              "sg-07b73917ca8fd155c"
            ]
          },
          "sensitive_attributes": [
            [
              {
                "type": "get_attr",
                "value": "password"
              }
            ],
            [
              {
                "type": "get_attr",
                "value": "password_wo"
              }
            ],
            [
              {
                "type": "get_attr",
                "value": "username"
              }
            ]
          ],
          "identity_schema_version": 0,
          "private": "eyJlMmJmYjczMC1lY2FhLTExZTYtOGY4OC0zNDM2M2JjN2M0YzAiOnsiY3JlYXRlIjozMDAwMDAwMDAwMDAwLCJkZWxldGUiOjM2MDAwMDAwMDAwMDAsInVwZGF0ZSI6NDgwMDAwMDAwMDAwMH0sInNjaGVtYV92ZXJzaW9uIjoiMiJ9",
          "dependencies": [
            "module.rds.aws_db_parameter_group.rds_params",
            "module.rds.aws_db_subnet_group.rds_subnet_group",
            "module.security_groups.aws_security_group.alb_sg",
            "module.security_groups.aws_security_group.ec2_sg",
            "module.security_groups.aws_security_group.endpoint_sg",
            "module.security_groups.aws_security_group.rds_sg",
            "module.vpc.aws_internet_gateway.igw",
            "module.vpc.aws_route_table.private",
            "module.vpc.aws_route_table.public",
            "module.vpc.aws_route_table_association.private_ec2_a_assoc",
            "module.vpc.aws_route_table_association.private_ec2_b_assoc",
            "module.vpc.aws_route_table_association.private_rds_assoc",
            "module.vpc.aws_route_table_association.private_rds_b_assoc",
            "module.vpc.aws_route_table_association.public_assoc_a",
            "module.vpc.aws_route_table_association.public_assoc_b",
            "module.vpc.aws_subnet.private_ec2_a",
            "module.vpc.aws_subnet.private_ec2_b",
            "module.vpc.aws_subnet.private_rds",
            "module.vpc.aws_subnet.private_rds_b",
            "module.vpc.aws_subnet.public_a",
            "module.vpc.aws_subnet.public_b",
            "module.vpc.aws_vpc.vpc",
            "module.vpc.aws_vpc_endpoint.ecr_api",
            "module.vpc.aws_vpc_endpoint.ecr_dkr",
            "module.vpc.aws_vpc_endpoint.s3"
          ]
        }
      ]
    },
    {
      "module": "module.rds",
      "mode": "managed",
      "type": "aws_db_parameter_group",
      "name": "rds_params",
      "provider": "provider[\"registry.terraform.io/hashicorp/aws\"]",
      "instances": [
        {
          "schema_version": 0,
          "attributes": {
            "arn": "arn:aws:rds:us-east-2:251740340893:pg:sistemainventario-mysql-params",
            "description": "Managed by Terraform",
            "family": "mysql8.0",
            "id": "sistemainventario-mysql-params",
            "name": "sistemainventario-mysql-params",
            "name_prefix": "",
            "parameter": [
              {
                "apply_method": "immediate",
                "name": "character_set_server",
                "value": "utf8mb4"
              },
              {
                "apply_method": "immediate",
                "name": "collation_server",
                "value": "utf8mb4_unicode_ci"
              },
              {
                "apply_method": "immediate",
                "name": "max_connections",
                "value": "100"
              }
            ],
            "region": "us-east-2",
            "skip_destroy": false,
            "tags": {
              "Environment": "dev",
              "Name": "sistemainventario-mysql-params"
            },
            "tags_all": {
              "Environment": "dev",
              "Name": "sistemainventario-mysql-params"
            }
          },
          "sensitive_attributes": [],
          "identity_schema_version": 0,
          "private": "bnVsbA==",
          "dependencies": [
            "module.security_groups.aws_security_group.alb_sg",
            "module.security_groups.aws_security_group.ec2_sg",
            "module.security_groups.aws_security_group.endpoint_sg",
            "module.security_groups.aws_security_group.rds_sg",
            "module.vpc.aws_internet_gateway.igw",
            "module.vpc.aws_route_table.private",
            "module.vpc.aws_route_table.public",
            "module.vpc.aws_route_table_association.private_ec2_a_assoc",
            "module.vpc.aws_route_table_association.private_ec2_b_assoc",
            "module.vpc.aws_route_table_association.private_rds_assoc",
            "module.vpc.aws_route_table_association.private_rds_b_assoc",
            "module.vpc.aws_route_table_association.public_assoc_a",
            "module.vpc.aws_route_table_association.public_assoc_b",
            "module.vpc.aws_subnet.private_ec2_a",
            "module.vpc.aws_subnet.private_ec2_b",
            "module.vpc.aws_subnet.private_rds",
            "module.vpc.aws_subnet.private_rds_b",
            "module.vpc.aws_subnet.public_a",
            "module.vpc.aws_subnet.public_b",
            "module.vpc.aws_vpc.vpc",
            "module.vpc.aws_vpc_endpoint.ecr_api",
            "module.vpc.aws_vpc_endpoint.ecr_dkr",
            "module.vpc.aws_vpc_endpoint.s3"
          ]
        }
      ]
    },
    {
      "module": "module.rds",
      "mode": "managed",
      "type": "aws_db_subnet_group",
      "name": "rds_subnet_group",
      "provider": "provider[\"registry.terraform.io/hashicorp/aws\"]",
      "instances": [
        {
          "schema_version": 0,
          "attributes": {
            "arn": "arn:aws:rds:us-east-2:251740340893:subgrp:sistemainventario-rds-subnet-group",
            "description": "Managed by Terraform",
            "id": "sistemainventario-rds-subnet-group",
            "name": "sistemainventario-rds-subnet-group",
            "name_prefix": "",
            "region": "us-east-2",
            "subnet_ids": [
              "subnet-03ae97954ebc8ece0",
              "subnet-0c056edb64083604b"
            ],
            "supported_network_types": [
              "IPV4"
            ],
            "tags": {
              "Environment": "dev",
              "Name": "sistemainventario-rds-subnet-group"
            },
            "tags_all": {
              "Environment": "dev",
              "Name": "sistemainventario-rds-subnet-group"
            },
            "vpc_id": "vpc-0727183964baeafd6"
          },
          "sensitive_attributes": [],
          "identity_schema_version": 0,
          "private": "bnVsbA==",
          "dependencies": [
            "module.security_groups.aws_security_group.alb_sg",
            "module.security_groups.aws_security_group.ec2_sg",
            "module.security_groups.aws_security_group.endpoint_sg",
            "module.security_groups.aws_security_group.rds_sg",
            "module.vpc.aws_internet_gateway.igw",
            "module.vpc.aws_route_table.private",
            "module.vpc.aws_route_table.public",
            "module.vpc.aws_route_table_association.private_ec2_a_assoc",
            "module.vpc.aws_route_table_association.private_ec2_b_assoc",
            "module.vpc.aws_route_table_association.private_rds_assoc",
            "module.vpc.aws_route_table_association.private_rds_b_assoc",
            "module.vpc.aws_route_table_association.public_assoc_a",
            "module.vpc.aws_route_table_association.public_assoc_b",
            "module.vpc.aws_subnet.private_ec2_a",
            "module.vpc.aws_subnet.private_ec2_b",
            "module.vpc.aws_subnet.private_rds",
            "module.vpc.aws_subnet.private_rds_b",
            "module.vpc.aws_subnet.public_a",
            "module.vpc.aws_subnet.public_b",
            "module.vpc.aws_vpc.vpc",
            "module.vpc.aws_vpc_endpoint.ecr_api",
            "module.vpc.aws_vpc_endpoint.ecr_dkr",
            "module.vpc.aws_vpc_endpoint.s3"
          ]
        }
      ]
    },
    {
      "module": "module.security_groups",
      "mode": "managed",
      "type": "aws_security_group",
      "name": "alb_sg",
      "provider": "provider[\"registry.terraform.io/hashicorp/aws\"]",
      "instances": [
        {
          "schema_version": 1,
          "attributes": {
            "arn": "arn:aws:ec2:us-east-2:251740340893:security-group/sg-094a084d40961bbde",
            "description": "Permite HTTP/HTTPS desde Internet hacia el ALB",
            "egress": [
              {
                "cidr_blocks": [
                  "0.0.0.0/0"
                ],
                "description": "",
                "from_port": 0,
                "ipv6_cidr_blocks": [],
                "prefix_list_ids": [],
                "protocol": "-1",
                "security_groups": [],
                "self": false,
                "to_port": 0
              }
            ],
            "id": "sg-094a084d40961bbde",
            "ingress": [
              {
                "cidr_blocks": [
                  "0.0.0.0/0"
                ],
                "description": "HTTP desde Internet",
                "from_port": 80,
                "ipv6_cidr_blocks": [],
                "prefix_list_ids": [],
                "protocol": "tcp",
                "security_groups": [],
                "self": false,
                "to_port": 80
              },
              {
                "cidr_blocks": [
                  "0.0.0.0/0"
                ],
                "description": "HTTPS desde Internet",
                "from_port": 443,
                "ipv6_cidr_blocks": [],
                "prefix_list_ids": [],
                "protocol": "tcp",
                "security_groups": [],
                "self": false,
                "to_port": 443
              }
            ],
            "name": "sistemainventario-alb-sg",
            "name_prefix": "",
            "owner_id": "251740340893",
            "region": "us-east-2",
            "revoke_rules_on_delete": false,
            "tags": {
              "Environment": "dev",
              "Name": "sistemainventario-alb-sg"
            },
            "tags_all": {
              "Environment": "dev",
              "Name": "sistemainventario-alb-sg"
            },
            "timeouts": null,
            "vpc_id": "vpc-0727183964baeafd6"
          },
          "sensitive_attributes": [],
          "identity_schema_version": 0,
          "identity": {
            "account_id": "251740340893",
            "id": "sg-094a084d40961bbde",
            "region": "us-east-2"
          },
          "private": "eyJlMmJmYjczMC1lY2FhLTExZTYtOGY4OC0zNDM2M2JjN2M0YzAiOnsiY3JlYXRlIjo2MDAwMDAwMDAwMDAsImRlbGV0ZSI6OTAwMDAwMDAwMDAwfSwic2NoZW1hX3ZlcnNpb24iOiIxIn0=",
          "dependencies": [
            "module.vpc.aws_vpc.vpc"
          ],
          "create_before_destroy": true
        }
      ]
    },
    {
      "module": "module.security_groups",
      "mode": "managed",
      "type": "aws_security_group",
      "name": "ec2_sg",
      "provider": "provider[\"registry.terraform.io/hashicorp/aws\"]",
      "instances": [
        {
          "schema_version": 1,
          "attributes": {
            "arn": "arn:aws:ec2:us-east-2:251740340893:security-group/sg-0472d360ee1017112",
            "description": "Security group para tareas Fargate",
            "egress": [
              {
                "cidr_blocks": [
                  "0.0.0.0/0"
                ],
                "description": "",
                "from_port": 0,
                "ipv6_cidr_blocks": [],
                "prefix_list_ids": [],
                "protocol": "-1",
                "security_groups": [],
                "self": false,
                "to_port": 0
              }
            ],
            "id": "sg-0472d360ee1017112",
            "ingress": [
              {
                "cidr_blocks": [],
                "description": "HTTP desde ALB",
                "from_port": 3000,
                "ipv6_cidr_blocks": [],
                "prefix_list_ids": [],
                "protocol": "tcp",
                "security_groups": [
                  "sg-094a084d40961bbde"
                ],
                "self": false,
                "to_port": 3000
              }
            ],
            "name": "sistemainventario-ecs-sg",
            "name_prefix": "",
            "owner_id": "251740340893",
            "region": "us-east-2",
            "revoke_rules_on_delete": false,
            "tags": {
              "Environment": "dev",
              "Name": "sistemainventario-fargate-sg"
            },
            "tags_all": {
              "Environment": "dev",
              "Name": "sistemainventario-fargate-sg"
            },
            "timeouts": null,
            "vpc_id": "vpc-0727183964baeafd6"
          },
          "sensitive_attributes": [],
          "identity_schema_version": 0,
          "identity": {
            "account_id": "251740340893",
            "id": "sg-0472d360ee1017112",
            "region": "us-east-2"
          },
          "private": "eyJlMmJmYjczMC1lY2FhLTExZTYtOGY4OC0zNDM2M2JjN2M0YzAiOnsiY3JlYXRlIjo2MDAwMDAwMDAwMDAsImRlbGV0ZSI6OTAwMDAwMDAwMDAwfSwic2NoZW1hX3ZlcnNpb24iOiIxIn0=",
          "dependencies": [
            "module.security_groups.aws_security_group.alb_sg",
            "module.vpc.aws_vpc.vpc"
          ]
        }
      ]
    },
    {
      "module": "module.security_groups",
      "mode": "managed",
      "type": "aws_security_group",
      "name": "endpoint_sg",
      "provider": "provider[\"registry.terraform.io/hashicorp/aws\"]",
      "instances": [
        {
          "schema_version": 1,
          "attributes": {
            "arn": "arn:aws:ec2:us-east-2:251740340893:security-group/sg-061e855fe2ac3f4e8",
            "description": "Permite HTTPS para endpoints de VPC",
            "egress": [
              {
                "cidr_blocks": [
                  "0.0.0.0/0"
                ],
                "description": "",
                "from_port": 0,
                "ipv6_cidr_blocks": [],
                "prefix_list_ids": [],
                "protocol": "-1",
                "security_groups": [],
                "self": false,
                "to_port": 0
              }
            ],
            "id": "sg-061e855fe2ac3f4e8",
            "ingress": [
              {
                "cidr_blocks": [],
                "description": "Permite que ECS/Fargate acceda a los endpoints",
                "from_port": 443,
                "ipv6_cidr_blocks": [],
                "prefix_list_ids": [],
                "protocol": "tcp",
                "security_groups": [
                  "sg-0472d360ee1017112"
                ],
                "self": false,
                "to_port": 443
              }
            ],
            "name": "sistemainventario-endpoint-sg",
            "name_prefix": "",
            "owner_id": "251740340893",
            "region": "us-east-2",
            "revoke_rules_on_delete": false,
            "tags": {
              "Environment": "dev",
              "Name": "sistemainventario-endpoint-sg"
            },
            "tags_all": {
              "Environment": "dev",
              "Name": "sistemainventario-endpoint-sg"
            },
            "timeouts": null,
            "vpc_id": "vpc-0727183964baeafd6"
          },
          "sensitive_attributes": [],
          "identity_schema_version": 0,
          "identity": {
            "account_id": "251740340893",
            "id": "sg-061e855fe2ac3f4e8",
            "region": "us-east-2"
          },
          "private": "eyJlMmJmYjczMC1lY2FhLTExZTYtOGY4OC0zNDM2M2JjN2M0YzAiOnsiY3JlYXRlIjo2MDAwMDAwMDAwMDAsImRlbGV0ZSI6OTAwMDAwMDAwMDAwfSwic2NoZW1hX3ZlcnNpb24iOiIxIn0=",
          "dependencies": [
            "module.security_groups.aws_security_group.alb_sg",
            "module.security_groups.aws_security_group.ec2_sg",
            "module.vpc.aws_vpc.vpc"
          ]
        }
      ]
    },
    {
      "module": "module.security_groups",
      "mode": "managed",
      "type": "aws_security_group",
      "name": "rds_sg",
      "provider": "provider[\"registry.terraform.io/hashicorp/aws\"]",
      "instances": [
        {
          "schema_version": 1,
          "attributes": {
            "arn": "arn:aws:ec2:us-east-2:251740340893:security-group/sg-07b73917ca8fd155c",
            "description": "Permite MySQL solo desde las tareas de Fargate",
            "egress": [
              {
                "cidr_blocks": [
                  "0.0.0.0/0"
                ],
                "description": "",
                "from_port": 0,
                "ipv6_cidr_blocks": [],
                "prefix_list_ids": [],
                "protocol": "-1",
                "security_groups": [],
                "self": false,
                "to_port": 0
              }
            ],
            "id": "sg-07b73917ca8fd155c",
            "ingress": [
              {
                "cidr_blocks": [],
                "description": "MySQL desde Fargate",
                "from_port": 3306,
                "ipv6_cidr_blocks": [],
                "prefix_list_ids": [],
                "protocol": "tcp",
                "security_groups": [
                  "sg-0472d360ee1017112"
                ],
                "self": false,
                "to_port": 3306
              }
            ],
            "name": "sistemainventario-rds-sg",
            "name_prefix": "",
            "owner_id": "251740340893",
            "region": "us-east-2",
            "revoke_rules_on_delete": false,
            "tags": {
              "Environment": "dev",
              "Name": "sistemainventario-rds-sg"
            },
            "tags_all": {
              "Environment": "dev",
              "Name": "sistemainventario-rds-sg"
            },
            "timeouts": null,
            "vpc_id": "vpc-0727183964baeafd6"
          },
          "sensitive_attributes": [],
          "identity_schema_version": 0,
          "identity": {
            "account_id": "251740340893",
            "id": "sg-07b73917ca8fd155c",
            "region": "us-east-2"
          },
          "private": "eyJlMmJmYjczMC1lY2FhLTExZTYtOGY4OC0zNDM2M2JjN2M0YzAiOnsiY3JlYXRlIjo2MDAwMDAwMDAwMDAsImRlbGV0ZSI6OTAwMDAwMDAwMDAwfSwic2NoZW1hX3ZlcnNpb24iOiIxIn0=",
          "dependencies": [
            "module.security_groups.aws_security_group.alb_sg",
            "module.security_groups.aws_security_group.ec2_sg",
            "module.vpc.aws_vpc.vpc"
          ]
        }
      ]
    },
    {
      "module": "module.sns",
      "mode": "managed",
      "type": "aws_sns_topic",
      "name": "alertas",
      "provider": "provider[\"registry.terraform.io/hashicorp/aws\"]",
      "instances": [
        {
          "schema_version": 0,
          "attributes": {
            "application_failure_feedback_role_arn": "",
            "application_success_feedback_role_arn": "",
            "application_success_feedback_sample_rate": 0,
            "archive_policy": "",
            "arn": "arn:aws:sns:us-east-2:251740340893:sistemainventario-alertas",
            "beginning_archive_time": "",
            "content_based_deduplication": false,
            "delivery_policy": "",
            "display_name": "Alertas de sistemainventario",
            "fifo_throughput_scope": "",
            "fifo_topic": false,
            "firehose_failure_feedback_role_arn": "",
            "firehose_success_feedback_role_arn": "",
            "firehose_success_feedback_sample_rate": 0,
            "http_failure_feedback_role_arn": "",
            "http_success_feedback_role_arn": "",
            "http_success_feedback_sample_rate": 0,
            "id": "arn:aws:sns:us-east-2:251740340893:sistemainventario-alertas",
            "kms_master_key_id": "",
            "lambda_failure_feedback_role_arn": "",
            "lambda_success_feedback_role_arn": "",
            "lambda_success_feedback_sample_rate": 0,
            "name": "sistemainventario-alertas",
            "name_prefix": "",
            "owner": "251740340893",
            "policy": "{\"Statement\":[{\"Action\":\"SNS:Publish\",\"Effect\":\"Allow\",\"Principal\":{\"Service\":\"ecs-tasks.amazonaws.com\"},\"Resource\":\"arn:aws:sns:us-east-2:251740340893:sistemainventario-alertas\",\"Sid\":\"AllowECSPublish\"}],\"Version\":\"2012-10-17\"}",
            "region": "us-east-2",
            "signature_version": 0,
            "sqs_failure_feedback_role_arn": "",
            "sqs_success_feedback_role_arn": "",
            "sqs_success_feedback_sample_rate": 0,
            "tags": {
              "Environment": "dev",
              "Name": "sistemainventario-sns-alertas"
            },
            "tags_all": {
              "Environment": "dev",
              "Name": "sistemainventario-sns-alertas"
            },
            "tracing_config": ""
          },
          "sensitive_attributes": [],
          "identity_schema_version": 0,
          "identity": {
            "arn": "arn:aws:sns:us-east-2:251740340893:sistemainventario-alertas"
          },
          "private": "bnVsbA=="
        }
      ]
    },
    {
      "module": "module.sns",
      "mode": "managed",
      "type": "aws_sns_topic_policy",
      "name": "alertas",
      "provider": "provider[\"registry.terraform.io/hashicorp/aws\"]",
      "instances": [
        {
          "schema_version": 0,
          "attributes": {
            "arn": "arn:aws:sns:us-east-2:251740340893:sistemainventario-alertas",
            "id": "arn:aws:sns:us-east-2:251740340893:sistemainventario-alertas",
            "owner": "251740340893",
            "policy": "{\"Statement\":[{\"Action\":[\"SNS:Publish\"],\"Effect\":\"Allow\",\"Principal\":{\"Service\":\"ecs-tasks.amazonaws.com\"},\"Resource\":\"arn:aws:sns:us-east-2:251740340893:sistemainventario-alertas\",\"Sid\":\"AllowECSPublish\"}],\"Version\":\"2012-10-17\"}",
            "region": "us-east-2"
          },
          "sensitive_attributes": [],
          "identity_schema_version": 0,
          "identity": {
            "arn": "arn:aws:sns:us-east-2:251740340893:sistemainventario-alertas"
          },
          "private": "bnVsbA==",
          "dependencies": [
            "module.sns.aws_sns_topic.alertas"
          ]
        }
      ]
    },
    {
      "module": "module.sns",
      "mode": "managed",
      "type": "aws_sns_topic_subscription",
      "name": "email_alerts",
      "provider": "provider[\"registry.terraform.io/hashicorp/aws\"]",
      "instances": [
        {
          "index_key": 0,
          "schema_version": 0,
          "attributes": {
            "arn": "arn:aws:sns:us-east-2:251740340893:sistemainventario-alertas:2692d7fb-2af9-42f5-b0f8-d73441cf6b63",
            "confirmation_timeout_in_minutes": 1,
            "confirmation_was_authenticated": false,
            "delivery_policy": "",
            "endpoint": "stefanocorreaasencio@gmail.com",
            "endpoint_auto_confirms": false,
            "filter_policy": "",
            "filter_policy_scope": "",
            "id": "arn:aws:sns:us-east-2:251740340893:sistemainventario-alertas:2692d7fb-2af9-42f5-b0f8-d73441cf6b63",
            "owner_id": "251740340893",
            "pending_confirmation": true,
            "protocol": "email",
            "raw_message_delivery": false,
            "redrive_policy": "",
            "region": "us-east-2",
            "replay_policy": "",
            "subscription_role_arn": "",
            "topic_arn": "arn:aws:sns:us-east-2:251740340893:sistemainventario-alertas"
          },
          "sensitive_attributes": [],
          "identity_schema_version": 0,
          "identity": {
            "arn": "arn:aws:sns:us-east-2:251740340893:sistemainventario-alertas:2692d7fb-2af9-42f5-b0f8-d73441cf6b63"
          },
          "private": "bnVsbA==",
          "dependencies": [
            "module.sns.aws_sns_topic.alertas"
          ]
        }
      ]
    },
    {
      "module": "module.vpc",
      "mode": "managed",
      "type": "aws_internet_gateway",
      "name": "igw",
      "provider": "provider[\"registry.terraform.io/hashicorp/aws\"]",
      "instances": [
        {
          "schema_version": 0,
          "attributes": {
            "arn": "arn:aws:ec2:us-east-2:251740340893:internet-gateway/igw-0d66778a33291c4a9",
            "id": "igw-0d66778a33291c4a9",
            "owner_id": "251740340893",
            "region": "us-east-2",
            "tags": {
              "Name": "sistema-inventario-dev-igw"
            },
            "tags_all": {
              "Name": "sistema-inventario-dev-igw"
            },
            "timeouts": null,
            "vpc_id": "vpc-0727183964baeafd6"
          },
          "sensitive_attributes": [],
          "identity_schema_version": 0,
          "private": "eyJlMmJmYjczMC1lY2FhLTExZTYtOGY4OC0zNDM2M2JjN2M0YzAiOnsiY3JlYXRlIjoxMjAwMDAwMDAwMDAwLCJkZWxldGUiOjEyMDAwMDAwMDAwMDAsInVwZGF0ZSI6MTIwMDAwMDAwMDAwMH19",
          "dependencies": [
            "module.vpc.aws_vpc.vpc"
          ]
        }
      ]
    },
    {
      "module": "module.vpc",
      "mode": "managed",
      "type": "aws_route_table",
      "name": "private",
      "provider": "provider[\"registry.terraform.io/hashicorp/aws\"]",
      "instances": [
        {
          "schema_version": 0,
          "attributes": {
            "arn": "arn:aws:ec2:us-east-2:251740340893:route-table/rtb-09209936c9041e8a1",
            "id": "rtb-09209936c9041e8a1",
            "owner_id": "251740340893",
            "propagating_vgws": [],
            "region": "us-east-2",
            "route": [],
            "tags": {
              "Name": "sistema-inventario-dev-private-rt"
            },
            "tags_all": {
              "Name": "sistema-inventario-dev-private-rt"
            },
            "timeouts": null,
            "vpc_id": "vpc-0727183964baeafd6"
          },
          "sensitive_attributes": [],
          "identity_schema_version": 0,
          "identity": {
            "account_id": "251740340893",
            "id": "rtb-09209936c9041e8a1",
            "region": "us-east-2"
          },
          "private": "eyJlMmJmYjczMC1lY2FhLTExZTYtOGY4OC0zNDM2M2JjN2M0YzAiOnsiY3JlYXRlIjozMDAwMDAwMDAwMDAsImRlbGV0ZSI6MzAwMDAwMDAwMDAwLCJ1cGRhdGUiOjEyMDAwMDAwMDAwMH19",
          "dependencies": [
            "module.vpc.aws_vpc.vpc"
          ]
        }
      ]
    },
    {
      "module": "module.vpc",
      "mode": "managed",
      "type": "aws_route_table",
      "name": "public",
      "provider": "provider[\"registry.terraform.io/hashicorp/aws\"]",
      "instances": [
        {
          "schema_version": 0,
          "attributes": {
            "arn": "arn:aws:ec2:us-east-2:251740340893:route-table/rtb-02b61a2566bb9b11b",
            "id": "rtb-02b61a2566bb9b11b",
            "owner_id": "251740340893",
            "propagating_vgws": [],
            "region": "us-east-2",
            "route": [
              {
                "carrier_gateway_id": "",
                "cidr_block": "0.0.0.0/0",
                "core_network_arn": "",
                "destination_prefix_list_id": "",
                "egress_only_gateway_id": "",
                "gateway_id": "igw-0d66778a33291c4a9",
                "ipv6_cidr_block": "",
                "local_gateway_id": "",
                "nat_gateway_id": "",
                "network_interface_id": "",
                "transit_gateway_id": "",
                "vpc_endpoint_id": "",
                "vpc_peering_connection_id": ""
              }
            ],
            "tags": {
              "Name": "sistema-inventario-dev-public-rt"
            },
            "tags_all": {
              "Name": "sistema-inventario-dev-public-rt"
            },
            "timeouts": null,
            "vpc_id": "vpc-0727183964baeafd6"
          },
          "sensitive_attributes": [],
          "identity_schema_version": 0,
          "identity": {
            "account_id": "251740340893",
            "id": "rtb-02b61a2566bb9b11b",
            "region": "us-east-2"
          },
          "private": "eyJlMmJmYjczMC1lY2FhLTExZTYtOGY4OC0zNDM2M2JjN2M0YzAiOnsiY3JlYXRlIjozMDAwMDAwMDAwMDAsImRlbGV0ZSI6MzAwMDAwMDAwMDAwLCJ1cGRhdGUiOjEyMDAwMDAwMDAwMH19",
          "dependencies": [
            "module.vpc.aws_internet_gateway.igw",
            "module.vpc.aws_vpc.vpc"
          ]
        }
      ]
    },
    {
      "module": "module.vpc",
      "mode": "managed",
      "type": "aws_route_table_association",
      "name": "private_ec2_a_assoc",
      "provider": "provider[\"registry.terraform.io/hashicorp/aws\"]",
      "instances": [
        {
          "schema_version": 0,
          "attributes": {
            "gateway_id": "",
            "id": "rtbassoc-01336d2923e14f65d",
            "region": "us-east-2",
            "route_table_id": "rtb-09209936c9041e8a1",
            "subnet_id": "subnet-081ae8eead330896b",
            "timeouts": null
          },
          "sensitive_attributes": [],
          "identity_schema_version": 0,
          "private": "eyJlMmJmYjczMC1lY2FhLTExZTYtOGY4OC0zNDM2M2JjN2M0YzAiOnsiY3JlYXRlIjozMDAwMDAwMDAwMDAsImRlbGV0ZSI6MzAwMDAwMDAwMDAwLCJ1cGRhdGUiOjEyMDAwMDAwMDAwMH19",
          "dependencies": [
            "module.vpc.aws_route_table.private",
            "module.vpc.aws_subnet.private_ec2_a",
            "module.vpc.aws_vpc.vpc"
          ]
        }
      ]
    },
    {
      "module": "module.vpc",
      "mode": "managed",
      "type": "aws_route_table_association",
      "name": "private_ec2_b_assoc",
      "provider": "provider[\"registry.terraform.io/hashicorp/aws\"]",
      "instances": [
        {
          "schema_version": 0,
          "attributes": {
            "gateway_id": "",
            "id": "rtbassoc-0c4ec8d676171c370",
            "region": "us-east-2",
            "route_table_id": "rtb-09209936c9041e8a1",
            "subnet_id": "subnet-00dc1f6e35d0cb90f",
            "timeouts": null
          },
          "sensitive_attributes": [],
          "identity_schema_version": 0,
          "private": "eyJlMmJmYjczMC1lY2FhLTExZTYtOGY4OC0zNDM2M2JjN2M0YzAiOnsiY3JlYXRlIjozMDAwMDAwMDAwMDAsImRlbGV0ZSI6MzAwMDAwMDAwMDAwLCJ1cGRhdGUiOjEyMDAwMDAwMDAwMH19",
          "dependencies": [
            "module.vpc.aws_route_table.private",
            "module.vpc.aws_subnet.private_ec2_b",
            "module.vpc.aws_vpc.vpc"
          ]
        }
      ]
    },
    {
      "module": "module.vpc",
      "mode": "managed",
      "type": "aws_route_table_association",
      "name": "private_rds_assoc",
      "provider": "provider[\"registry.terraform.io/hashicorp/aws\"]",
      "instances": [
        {
          "schema_version": 0,
          "attributes": {
            "gateway_id": "",
            "id": "rtbassoc-0f4ca194e86bcc4de",
            "region": "us-east-2",
            "route_table_id": "rtb-09209936c9041e8a1",
            "subnet_id": "subnet-03ae97954ebc8ece0",
            "timeouts": null
          },
          "sensitive_attributes": [],
          "identity_schema_version": 0,
          "private": "eyJlMmJmYjczMC1lY2FhLTExZTYtOGY4OC0zNDM2M2JjN2M0YzAiOnsiY3JlYXRlIjozMDAwMDAwMDAwMDAsImRlbGV0ZSI6MzAwMDAwMDAwMDAwLCJ1cGRhdGUiOjEyMDAwMDAwMDAwMH19",
          "dependencies": [
            "module.vpc.aws_route_table.private",
            "module.vpc.aws_subnet.private_rds",
            "module.vpc.aws_vpc.vpc"
          ]
        }
      ]
    },
    {
      "module": "module.vpc",
      "mode": "managed",
      "type": "aws_route_table_association",
      "name": "private_rds_b_assoc",
      "provider": "provider[\"registry.terraform.io/hashicorp/aws\"]",
      "instances": [
        {
          "schema_version": 0,
          "attributes": {
            "gateway_id": "",
            "id": "rtbassoc-066a88d5f2f4fd433",
            "region": "us-east-2",
            "route_table_id": "rtb-09209936c9041e8a1",
            "subnet_id": "subnet-0c056edb64083604b",
            "timeouts": null
          },
          "sensitive_attributes": [],
          "identity_schema_version": 0,
          "private": "eyJlMmJmYjczMC1lY2FhLTExZTYtOGY4OC0zNDM2M2JjN2M0YzAiOnsiY3JlYXRlIjozMDAwMDAwMDAwMDAsImRlbGV0ZSI6MzAwMDAwMDAwMDAwLCJ1cGRhdGUiOjEyMDAwMDAwMDAwMH19",
          "dependencies": [
            "module.vpc.aws_route_table.private",
            "module.vpc.aws_subnet.private_rds_b",
            "module.vpc.aws_vpc.vpc"
          ]
        }
      ]
    },
    {
      "module": "module.vpc",
      "mode": "managed",
      "type": "aws_route_table_association",
      "name": "public_assoc_a",
      "provider": "provider[\"registry.terraform.io/hashicorp/aws\"]",
      "instances": [
        {
          "schema_version": 0,
          "attributes": {
            "gateway_id": "",
            "id": "rtbassoc-0a4b45a2f7e55c081",
            "region": "us-east-2",
            "route_table_id": "rtb-02b61a2566bb9b11b",
            "subnet_id": "subnet-09af89a6b0c19da4a",
            "timeouts": null
          },
          "sensitive_attributes": [],
          "identity_schema_version": 0,
          "private": "eyJlMmJmYjczMC1lY2FhLTExZTYtOGY4OC0zNDM2M2JjN2M0YzAiOnsiY3JlYXRlIjozMDAwMDAwMDAwMDAsImRlbGV0ZSI6MzAwMDAwMDAwMDAwLCJ1cGRhdGUiOjEyMDAwMDAwMDAwMH19",
          "dependencies": [
            "module.vpc.aws_internet_gateway.igw",
            "module.vpc.aws_route_table.public",
            "module.vpc.aws_subnet.public_a",
            "module.vpc.aws_vpc.vpc"
          ]
        }
      ]
    },
    {
      "module": "module.vpc",
      "mode": "managed",
      "type": "aws_route_table_association",
      "name": "public_assoc_b",
      "provider": "provider[\"registry.terraform.io/hashicorp/aws\"]",
      "instances": [
        {
          "schema_version": 0,
          "attributes": {
            "gateway_id": "",
            "id": "rtbassoc-01038c4768892d49b",
            "region": "us-east-2",
            "route_table_id": "rtb-02b61a2566bb9b11b",
            "subnet_id": "subnet-0869fc392d7d6d406",
            "timeouts": null
          },
          "sensitive_attributes": [],
          "identity_schema_version": 0,
          "private": "eyJlMmJmYjczMC1lY2FhLTExZTYtOGY4OC0zNDM2M2JjN2M0YzAiOnsiY3JlYXRlIjozMDAwMDAwMDAwMDAsImRlbGV0ZSI6MzAwMDAwMDAwMDAwLCJ1cGRhdGUiOjEyMDAwMDAwMDAwMH19",
          "dependencies": [
            "module.vpc.aws_internet_gateway.igw",
            "module.vpc.aws_route_table.public",
            "module.vpc.aws_subnet.public_b",
            "module.vpc.aws_vpc.vpc"
          ]
        }
      ]
    },
    {
      "module": "module.vpc",
      "mode": "managed",
      "type": "aws_subnet",
      "name": "private_ec2_a",
      "provider": "provider[\"registry.terraform.io/hashicorp/aws\"]",
      "instances": [
        {
          "schema_version": 1,
          "attributes": {
            "arn": "arn:aws:ec2:us-east-2:251740340893:subnet/subnet-081ae8eead330896b",
            "assign_ipv6_address_on_creation": false,
            "availability_zone": "us-east-2a",
            "availability_zone_id": "use2-az1",
            "cidr_block": "10.1.1.0/24",
            "customer_owned_ipv4_pool": "",
            "enable_dns64": false,
            "enable_lni_at_device_index": 0,
            "enable_resource_name_dns_a_record_on_launch": false,
            "enable_resource_name_dns_aaaa_record_on_launch": false,
            "id": "subnet-081ae8eead330896b",
            "ipv6_cidr_block": "",
            "ipv6_cidr_block_association_id": "",
            "ipv6_native": false,
            "map_customer_owned_ip_on_launch": false,
            "map_public_ip_on_launch": false,
            "outpost_arn": "",
            "owner_id": "251740340893",
            "private_dns_hostname_type_on_launch": "ip-name",
            "region": "us-east-2",
            "tags": {
              "Name": "sistema-inventario-dev-private-ec2-a"
            },
            "tags_all": {
              "Name": "sistema-inventario-dev-private-ec2-a"
            },
            "timeouts": null,
            "vpc_id": "vpc-0727183964baeafd6"
          },
          "sensitive_attributes": [],
          "identity_schema_version": 0,
          "identity": {
            "account_id": "251740340893",
            "id": "subnet-081ae8eead330896b",
            "region": "us-east-2"
          },
          "private": "eyJlMmJmYjczMC1lY2FhLTExZTYtOGY4OC0zNDM2M2JjN2M0YzAiOnsiY3JlYXRlIjo2MDAwMDAwMDAwMDAsImRlbGV0ZSI6MTIwMDAwMDAwMDAwMH0sInNjaGVtYV92ZXJzaW9uIjoiMSJ9",
          "dependencies": [
            "module.vpc.aws_vpc.vpc"
          ]
        }
      ]
    },
    {
      "module": "module.vpc",
      "mode": "managed",
      "type": "aws_subnet",
      "name": "private_ec2_b",
      "provider": "provider[\"registry.terraform.io/hashicorp/aws\"]",
      "instances": [
        {
          "schema_version": 1,
          "attributes": {
            "arn": "arn:aws:ec2:us-east-2:251740340893:subnet/subnet-00dc1f6e35d0cb90f",
            "assign_ipv6_address_on_creation": false,
            "availability_zone": "us-east-2b",
            "availability_zone_id": "use2-az2",
            "cidr_block": "10.1.2.0/24",
            "customer_owned_ipv4_pool": "",
            "enable_dns64": false,
            "enable_lni_at_device_index": 0,
            "enable_resource_name_dns_a_record_on_launch": false,
            "enable_resource_name_dns_aaaa_record_on_launch": false,
            "id": "subnet-00dc1f6e35d0cb90f",
            "ipv6_cidr_block": "",
            "ipv6_cidr_block_association_id": "",
            "ipv6_native": false,
            "map_customer_owned_ip_on_launch": false,
            "map_public_ip_on_launch": false,
            "outpost_arn": "",
            "owner_id": "251740340893",
            "private_dns_hostname_type_on_launch": "ip-name",
            "region": "us-east-2",
            "tags": {
              "Name": "sistema-inventario-dev-private-ec2-b"
            },
            "tags_all": {
              "Name": "sistema-inventario-dev-private-ec2-b"
            },
            "timeouts": null,
            "vpc_id": "vpc-0727183964baeafd6"
          },
          "sensitive_attributes": [],
          "identity_schema_version": 0,
          "identity": {
            "account_id": "251740340893",
            "id": "subnet-00dc1f6e35d0cb90f",
            "region": "us-east-2"
          },
          "private": "eyJlMmJmYjczMC1lY2FhLTExZTYtOGY4OC0zNDM2M2JjN2M0YzAiOnsiY3JlYXRlIjo2MDAwMDAwMDAwMDAsImRlbGV0ZSI6MTIwMDAwMDAwMDAwMH0sInNjaGVtYV92ZXJzaW9uIjoiMSJ9",
          "dependencies": [
            "module.vpc.aws_vpc.vpc"
          ]
        }
      ]
    },
    {
      "module": "module.vpc",
      "mode": "managed",
      "type": "aws_subnet",
      "name": "private_rds",
      "provider": "provider[\"registry.terraform.io/hashicorp/aws\"]",
      "instances": [
        {
          "schema_version": 1,
          "attributes": {
            "arn": "arn:aws:ec2:us-east-2:251740340893:subnet/subnet-03ae97954ebc8ece0",
            "assign_ipv6_address_on_creation": false,
            "availability_zone": "us-east-2a",
            "availability_zone_id": "use2-az1",
            "cidr_block": "10.1.3.0/24",
            "customer_owned_ipv4_pool": "",
            "enable_dns64": false,
            "enable_lni_at_device_index": 0,
            "enable_resource_name_dns_a_record_on_launch": false,
            "enable_resource_name_dns_aaaa_record_on_launch": false,
            "id": "subnet-03ae97954ebc8ece0",
            "ipv6_cidr_block": "",
            "ipv6_cidr_block_association_id": "",
            "ipv6_native": false,
            "map_customer_owned_ip_on_launch": false,
            "map_public_ip_on_launch": false,
            "outpost_arn": "",
            "owner_id": "251740340893",
            "private_dns_hostname_type_on_launch": "ip-name",
            "region": "us-east-2",
            "tags": {
              "Name": "sistema-inventario-dev-private-rds"
            },
            "tags_all": {
              "Name": "sistema-inventario-dev-private-rds"
            },
            "timeouts": null,
            "vpc_id": "vpc-0727183964baeafd6"
          },
          "sensitive_attributes": [],
          "identity_schema_version": 0,
          "identity": {
            "account_id": "251740340893",
            "id": "subnet-03ae97954ebc8ece0",
            "region": "us-east-2"
          },
          "private": "eyJlMmJmYjczMC1lY2FhLTExZTYtOGY4OC0zNDM2M2JjN2M0YzAiOnsiY3JlYXRlIjo2MDAwMDAwMDAwMDAsImRlbGV0ZSI6MTIwMDAwMDAwMDAwMH0sInNjaGVtYV92ZXJzaW9uIjoiMSJ9",
          "dependencies": [
            "module.vpc.aws_vpc.vpc"
          ]
        }
      ]
    },
    {
      "module": "module.vpc",
      "mode": "managed",
      "type": "aws_subnet",
      "name": "private_rds_b",
      "provider": "provider[\"registry.terraform.io/hashicorp/aws\"]",
      "instances": [
        {
          "schema_version": 1,
          "attributes": {
            "arn": "arn:aws:ec2:us-east-2:251740340893:subnet/subnet-0c056edb64083604b",
            "assign_ipv6_address_on_creation": false,
            "availability_zone": "us-east-2b",
            "availability_zone_id": "use2-az2",
            "cidr_block": "10.1.5.0/24",
            "customer_owned_ipv4_pool": "",
            "enable_dns64": false,
            "enable_lni_at_device_index": 0,
            "enable_resource_name_dns_a_record_on_launch": false,
            "enable_resource_name_dns_aaaa_record_on_launch": false,
            "id": "subnet-0c056edb64083604b",
            "ipv6_cidr_block": "",
            "ipv6_cidr_block_association_id": "",
            "ipv6_native": false,
            "map_customer_owned_ip_on_launch": false,
            "map_public_ip_on_launch": false,
            "outpost_arn": "",
            "owner_id": "251740340893",
            "private_dns_hostname_type_on_launch": "ip-name",
            "region": "us-east-2",
            "tags": {
              "Name": "sistema-inventario-dev-private-rds-b"
            },
            "tags_all": {
              "Name": "sistema-inventario-dev-private-rds-b"
            },
            "timeouts": null,
            "vpc_id": "vpc-0727183964baeafd6"
          },
          "sensitive_attributes": [],
          "identity_schema_version": 0,
          "identity": {
            "account_id": "251740340893",
            "id": "subnet-0c056edb64083604b",
            "region": "us-east-2"
          },
          "private": "eyJlMmJmYjczMC1lY2FhLTExZTYtOGY4OC0zNDM2M2JjN2M0YzAiOnsiY3JlYXRlIjo2MDAwMDAwMDAwMDAsImRlbGV0ZSI6MTIwMDAwMDAwMDAwMH0sInNjaGVtYV92ZXJzaW9uIjoiMSJ9",
          "dependencies": [
            "module.vpc.aws_vpc.vpc"
          ]
        }
      ]
    },
    {
      "module": "module.vpc",
      "mode": "managed",
      "type": "aws_subnet",
      "name": "public_a",
      "provider": "provider[\"registry.terraform.io/hashicorp/aws\"]",
      "instances": [
        {
          "schema_version": 1,
          "attributes": {
            "arn": "arn:aws:ec2:us-east-2:251740340893:subnet/subnet-09af89a6b0c19da4a",
            "assign_ipv6_address_on_creation": false,
            "availability_zone": "us-east-2a",
            "availability_zone_id": "use2-az1",
            "cidr_block": "10.1.0.0/24",
            "customer_owned_ipv4_pool": "",
            "enable_dns64": false,
            "enable_lni_at_device_index": 0,
            "enable_resource_name_dns_a_record_on_launch": false,
            "enable_resource_name_dns_aaaa_record_on_launch": false,
            "id": "subnet-09af89a6b0c19da4a",
            "ipv6_cidr_block": "",
            "ipv6_cidr_block_association_id": "",
            "ipv6_native": false,
            "map_customer_owned_ip_on_launch": false,
            "map_public_ip_on_launch": true,
            "outpost_arn": "",
            "owner_id": "251740340893",
            "private_dns_hostname_type_on_launch": "ip-name",
            "region": "us-east-2",
            "tags": {
              "Name": "sistema-inventario-dev-public-a"
            },
            "tags_all": {
              "Name": "sistema-inventario-dev-public-a"
            },
            "timeouts": null,
            "vpc_id": "vpc-0727183964baeafd6"
          },
          "sensitive_attributes": [],
          "identity_schema_version": 0,
          "identity": {
            "account_id": "251740340893",
            "id": "subnet-09af89a6b0c19da4a",
            "region": "us-east-2"
          },
          "private": "eyJlMmJmYjczMC1lY2FhLTExZTYtOGY4OC0zNDM2M2JjN2M0YzAiOnsiY3JlYXRlIjo2MDAwMDAwMDAwMDAsImRlbGV0ZSI6MTIwMDAwMDAwMDAwMH0sInNjaGVtYV92ZXJzaW9uIjoiMSJ9",
          "dependencies": [
            "module.vpc.aws_vpc.vpc"
          ],
          "create_before_destroy": true
        }
      ]
    },
    {
      "module": "module.vpc",
      "mode": "managed",
      "type": "aws_subnet",
      "name": "public_b",
      "provider": "provider[\"registry.terraform.io/hashicorp/aws\"]",
      "instances": [
        {
          "schema_version": 1,
          "attributes": {
            "arn": "arn:aws:ec2:us-east-2:251740340893:subnet/subnet-0869fc392d7d6d406",
            "assign_ipv6_address_on_creation": false,
            "availability_zone": "us-east-2b",
            "availability_zone_id": "use2-az2",
            "cidr_block": "10.1.4.0/24",
            "customer_owned_ipv4_pool": "",
            "enable_dns64": false,
            "enable_lni_at_device_index": 0,
            "enable_resource_name_dns_a_record_on_launch": false,
            "enable_resource_name_dns_aaaa_record_on_launch": false,
            "id": "subnet-0869fc392d7d6d406",
            "ipv6_cidr_block": "",
            "ipv6_cidr_block_association_id": "",
            "ipv6_native": false,
            "map_customer_owned_ip_on_launch": false,
            "map_public_ip_on_launch": true,
            "outpost_arn": "",
            "owner_id": "251740340893",
            "private_dns_hostname_type_on_launch": "ip-name",
            "region": "us-east-2",
            "tags": {
              "Name": "sistema-inventario-dev-public-b"
            },
            "tags_all": {
              "Name": "sistema-inventario-dev-public-b"
            },
            "timeouts": null,
            "vpc_id": "vpc-0727183964baeafd6"
          },
          "sensitive_attributes": [],
          "identity_schema_version": 0,
          "identity": {
            "account_id": "251740340893",
            "id": "subnet-0869fc392d7d6d406",
            "region": "us-east-2"
          },
          "private": "eyJlMmJmYjczMC1lY2FhLTExZTYtOGY4OC0zNDM2M2JjN2M0YzAiOnsiY3JlYXRlIjo2MDAwMDAwMDAwMDAsImRlbGV0ZSI6MTIwMDAwMDAwMDAwMH0sInNjaGVtYV92ZXJzaW9uIjoiMSJ9",
          "dependencies": [
            "module.vpc.aws_vpc.vpc"
          ],
          "create_before_destroy": true
        }
      ]
    },
    {
      "module": "module.vpc",
      "mode": "managed",
      "type": "aws_vpc",
      "name": "vpc",
      "provider": "provider[\"registry.terraform.io/hashicorp/aws\"]",
      "instances": [
        {
          "schema_version": 1,
          "attributes": {
            "arn": "arn:aws:ec2:us-east-2:251740340893:vpc/vpc-0727183964baeafd6",
            "assign_generated_ipv6_cidr_block": false,
            "cidr_block": "10.1.0.0/16",
            "default_network_acl_id": "acl-0427cac653f106a70",
            "default_route_table_id": "rtb-07d53651dc0814b91",
            "default_security_group_id": "sg-0d3758d2073a82906",
            "dhcp_options_id": "dopt-0e1f839a3e57e7494",
            "enable_dns_hostnames": true,
            "enable_dns_support": true,
            "enable_network_address_usage_metrics": false,
            "id": "vpc-0727183964baeafd6",
            "instance_tenancy": "default",
            "ipv4_ipam_pool_id": null,
            "ipv4_netmask_length": null,
            "ipv6_association_id": "",
            "ipv6_cidr_block": "",
            "ipv6_cidr_block_network_border_group": "",
            "ipv6_ipam_pool_id": "",
            "ipv6_netmask_length": 0,
            "main_route_table_id": "rtb-07d53651dc0814b91",
            "owner_id": "251740340893",
            "region": "us-east-2",
            "tags": {
              "Name": "sistema-inventario-dev-vpc"
            },
            "tags_all": {
              "Name": "sistema-inventario-dev-vpc"
            }
          },
          "sensitive_attributes": [],
          "identity_schema_version": 0,
          "private": "eyJzY2hlbWFfdmVyc2lvbiI6IjEifQ==",
          "create_before_destroy": true
        }
      ]
    },
    {
      "module": "module.vpc",
      "mode": "managed",
      "type": "aws_vpc_endpoint",
      "name": "ecr_api",
      "provider": "provider[\"registry.terraform.io/hashicorp/aws\"]",
      "instances": [
        {
          "schema_version": 0,
          "attributes": {
            "arn": "arn:aws:ec2:us-east-2:251740340893:vpc-endpoint/vpce-0edd247823fe1c6e4",
            "auto_accept": null,
            "cidr_blocks": [],
            "dns_entry": [
              {
                "dns_name": "vpce-0edd247823fe1c6e4-i6kqbcy1.api.ecr.us-east-2.vpce.amazonaws.com",
                "hosted_zone_id": "ZC8PG0KIFKBRI"
              },
              {
                "dns_name": "vpce-0edd247823fe1c6e4-i6kqbcy1-us-east-2b.api.ecr.us-east-2.vpce.amazonaws.com",
                "hosted_zone_id": "ZC8PG0KIFKBRI"
              },
              {
                "dns_name": "vpce-0edd247823fe1c6e4-i6kqbcy1-us-east-2a.api.ecr.us-east-2.vpce.amazonaws.com",
                "hosted_zone_id": "ZC8PG0KIFKBRI"
              },
              {
                "dns_name": "api.ecr.us-east-2.amazonaws.com",
                "hosted_zone_id": "Z001369232NAKIHZ7I23U"
              },
              {
                "dns_name": "ecr.us-east-2.api.aws",
                "hosted_zone_id": "Z00025681G6YPMYHL5KB1"
              }
            ],
            "dns_options": [
              {
                "dns_record_ip_type": "ipv4",
                "private_dns_only_for_inbound_resolver_endpoint": false
              }
            ],
            "id": "vpce-0edd247823fe1c6e4",
            "ip_address_type": "ipv4",
            "network_interface_ids": [
              "eni-005c2850a5afe0441",
              "eni-07743d9c25eeedc96"
            ],
            "owner_id": "251740340893",
            "policy": "{\"Statement\":[{\"Action\":\"*\",\"Effect\":\"Allow\",\"Principal\":\"*\",\"Resource\":\"*\"}]}",
            "prefix_list_id": null,
            "private_dns_enabled": true,
            "region": "us-east-2",
            "requester_managed": false,
            "resource_configuration_arn": "",
            "route_table_ids": [],
            "security_group_ids": [
              "sg-061e855fe2ac3f4e8"
            ],
            "service_name": "com.amazonaws.us-east-2.ecr.api",
            "service_network_arn": "",
            "service_region": "us-east-2",
            "state": "available",
            "subnet_configuration": [
              {
                "ipv4": "10.1.1.121",
                "ipv6": "",
                "subnet_id": "subnet-081ae8eead330896b"
              },
              {
                "ipv4": "10.1.2.54",
                "ipv6": "",
                "subnet_id": "subnet-00dc1f6e35d0cb90f"
              }
            ],
            "subnet_ids": [
              "subnet-00dc1f6e35d0cb90f",
              "subnet-081ae8eead330896b"
            ],
            "tags": {
              "Name": "sistema-inventario-dev-ecr-api-endpoint",
              "Project": "sistema-inventario-dev"
            },
            "tags_all": {
              "Name": "sistema-inventario-dev-ecr-api-endpoint",
              "Project": "sistema-inventario-dev"
            },
            "timeouts": null,
            "vpc_endpoint_type": "Interface",
            "vpc_id": "vpc-0727183964baeafd6"
          },
          "sensitive_attributes": [],
          "identity_schema_version": 0,
          "identity": {
            "account_id": "251740340893",
            "id": "vpce-0edd247823fe1c6e4",
            "region": "us-east-2"
          },
          "private": "eyJlMmJmYjczMC1lY2FhLTExZTYtOGY4OC0zNDM2M2JjN2M0YzAiOnsiY3JlYXRlIjo2MDAwMDAwMDAwMDAsImRlbGV0ZSI6NjAwMDAwMDAwMDAwLCJ1cGRhdGUiOjYwMDAwMDAwMDAwMH19",
          "dependencies": [
            "module.security_groups.aws_security_group.alb_sg",
            "module.security_groups.aws_security_group.ec2_sg",
            "module.security_groups.aws_security_group.endpoint_sg",
            "module.vpc.aws_subnet.private_ec2_a",
            "module.vpc.aws_subnet.private_ec2_b",
            "module.vpc.aws_vpc.vpc"
          ]
        }
      ]
    },
    {
      "module": "module.vpc",
      "mode": "managed",
      "type": "aws_vpc_endpoint",
      "name": "ecr_dkr",
      "provider": "provider[\"registry.terraform.io/hashicorp/aws\"]",
      "instances": [
        {
          "schema_version": 0,
          "attributes": {
            "arn": "arn:aws:ec2:us-east-2:251740340893:vpc-endpoint/vpce-005e65d29a996e5b5",
            "auto_accept": null,
            "cidr_blocks": [],
            "dns_entry": [
              {
                "dns_name": "vpce-005e65d29a996e5b5-tplcfowc.dkr.ecr.us-east-2.vpce.amazonaws.com",
                "hosted_zone_id": "ZC8PG0KIFKBRI"
              },
              {
                "dns_name": "vpce-005e65d29a996e5b5-tplcfowc-us-east-2b.dkr.ecr.us-east-2.vpce.amazonaws.com",
                "hosted_zone_id": "ZC8PG0KIFKBRI"
              },
              {
                "dns_name": "vpce-005e65d29a996e5b5-tplcfowc-us-east-2a.dkr.ecr.us-east-2.vpce.amazonaws.com",
                "hosted_zone_id": "ZC8PG0KIFKBRI"
              },
              {
                "dns_name": "dkr.ecr.us-east-2.amazonaws.com",
                "hosted_zone_id": "Z104413021UL30LY6IO6S"
              },
              {
                "dns_name": "*.dkr.ecr.us-east-2.amazonaws.com",
                "hosted_zone_id": "Z104413021UL30LY6IO6S"
              },
              {
                "dns_name": "dkr-ecr.us-east-2.on.aws",
                "hosted_zone_id": "Z1020247OZYT6C0BUL9R"
              },
              {
                "dns_name": "*.dkr-ecr.us-east-2.on.aws",
                "hosted_zone_id": "Z1020247OZYT6C0BUL9R"
              }
            ],
            "dns_options": [
              {
                "dns_record_ip_type": "ipv4",
                "private_dns_only_for_inbound_resolver_endpoint": false
              }
            ],
            "id": "vpce-005e65d29a996e5b5",
            "ip_address_type": "ipv4",
            "network_interface_ids": [
              "eni-009e29c8d5e864d94",
              "eni-0ba021f47ad465027"
            ],
            "owner_id": "251740340893",
            "policy": "{\"Statement\":[{\"Action\":\"*\",\"Effect\":\"Allow\",\"Principal\":\"*\",\"Resource\":\"*\"}]}",
            "prefix_list_id": null,
            "private_dns_enabled": true,
            "region": "us-east-2",
            "requester_managed": false,
            "resource_configuration_arn": "",
            "route_table_ids": [],
            "security_group_ids": [
              "sg-061e855fe2ac3f4e8"
            ],
            "service_name": "com.amazonaws.us-east-2.ecr.dkr",
            "service_network_arn": "",
            "service_region": "us-east-2",
            "state": "available",
            "subnet_configuration": [
              {
                "ipv4": "10.1.1.67",
                "ipv6": "",
                "subnet_id": "subnet-081ae8eead330896b"
              },
              {
                "ipv4": "10.1.2.221",
                "ipv6": "",
                "subnet_id": "subnet-00dc1f6e35d0cb90f"
              }
            ],
            "subnet_ids": [
              "subnet-00dc1f6e35d0cb90f",
              "subnet-081ae8eead330896b"
            ],
            "tags": {
              "Name": "sistema-inventario-dev-ecr-dkr-endpoint",
              "Project": "sistema-inventario-dev"
            },
            "tags_all": {
              "Name": "sistema-inventario-dev-ecr-dkr-endpoint",
              "Project": "sistema-inventario-dev"
            },
            "timeouts": null,
            "vpc_endpoint_type": "Interface",
            "vpc_id": "vpc-0727183964baeafd6"
          },
          "sensitive_attributes": [],
          "identity_schema_version": 0,
          "identity": {
            "account_id": "251740340893",
            "id": "vpce-005e65d29a996e5b5",
            "region": "us-east-2"
          },
          "private": "eyJlMmJmYjczMC1lY2FhLTExZTYtOGY4OC0zNDM2M2JjN2M0YzAiOnsiY3JlYXRlIjo2MDAwMDAwMDAwMDAsImRlbGV0ZSI6NjAwMDAwMDAwMDAwLCJ1cGRhdGUiOjYwMDAwMDAwMDAwMH19",
          "dependencies": [
            "module.security_groups.aws_security_group.alb_sg",
            "module.security_groups.aws_security_group.ec2_sg",
            "module.security_groups.aws_security_group.endpoint_sg",
            "module.vpc.aws_subnet.private_ec2_a",
            "module.vpc.aws_subnet.private_ec2_b",
            "module.vpc.aws_vpc.vpc"
          ]
        }
      ]
    },
    {
      "module": "module.vpc",
      "mode": "managed",
      "type": "aws_vpc_endpoint",
      "name": "s3",
      "provider": "provider[\"registry.terraform.io/hashicorp/aws\"]",
      "instances": [
        {
          "schema_version": 0,
          "attributes": {
            "arn": "arn:aws:ec2:us-east-2:251740340893:vpc-endpoint/vpce-06d6c51a07c1ca62a",
            "auto_accept": null,
            "cidr_blocks": [
              "18.34.252.0/22",
              "52.219.141.0/24",
              "18.34.72.0/21",
              "52.219.96.0/20",
              "52.219.224.0/21",
              "16.12.60.0/22",
              "52.219.232.0/22",
              "52.219.80.0/20",
              "3.5.128.0/22",
              "52.219.142.0/23",
              "3.5.132.0/23",
              "16.12.64.0/22",
              "52.219.212.0/22",
              "52.219.176.0/22"
            ],
            "dns_entry": [],
            "dns_options": [
              {
                "dns_record_ip_type": "service-defined",
                "private_dns_only_for_inbound_resolver_endpoint": false
              }
            ],
            "id": "vpce-06d6c51a07c1ca62a",
            "ip_address_type": "ipv4",
            "network_interface_ids": [],
            "owner_id": "251740340893",
            "policy": "{\"Statement\":[{\"Action\":\"*\",\"Effect\":\"Allow\",\"Principal\":\"*\",\"Resource\":\"*\"}],\"Version\":\"2008-10-17\"}",
            "prefix_list_id": "pl-7ba54012",
            "private_dns_enabled": false,
            "region": "us-east-2",
            "requester_managed": false,
            "resource_configuration_arn": "",
            "route_table_ids": [
              "rtb-09209936c9041e8a1"
            ],
            "security_group_ids": [],
            "service_name": "com.amazonaws.us-east-2.s3",
            "service_network_arn": "",
            "service_region": "us-east-2",
            "state": "available",
            "subnet_configuration": [],
            "subnet_ids": [],
            "tags": {
              "Name": "sistema-inventario-dev-s3-endpoint",
              "Project": "sistema-inventario-dev"
            },
            "tags_all": {
              "Name": "sistema-inventario-dev-s3-endpoint",
              "Project": "sistema-inventario-dev"
            },
            "timeouts": null,
            "vpc_endpoint_type": "Gateway",
            "vpc_id": "vpc-0727183964baeafd6"
          },
          "sensitive_attributes": [],
          "identity_schema_version": 0,
          "identity": {
            "account_id": "251740340893",
            "id": "vpce-06d6c51a07c1ca62a",
            "region": "us-east-2"
          },
          "private": "eyJlMmJmYjczMC1lY2FhLTExZTYtOGY4OC0zNDM2M2JjN2M0YzAiOnsiY3JlYXRlIjo2MDAwMDAwMDAwMDAsImRlbGV0ZSI6NjAwMDAwMDAwMDAwLCJ1cGRhdGUiOjYwMDAwMDAwMDAwMH19",
          "dependencies": [
            "module.vpc.aws_route_table.private",
            "module.vpc.aws_vpc.vpc"
          ]
        }
      ]
    },
    {
      "module": "module.waf",
      "mode": "managed",
      "type": "aws_wafv2_ip_set",
      "name": "blocked_ips",
      "provider": "provider[\"registry.terraform.io/hashicorp/aws\"]",
      "instances": [
        {
          "schema_version": 0,
          "attributes": {
            "addresses": [],
            "arn": "arn:aws:wafv2:us-east-2:251740340893:regional/ipset/sistemainventario-blocked-ips/528559c5-04b2-44b3-ae79-8d226a12647e",
            "description": "",
            "id": "528559c5-04b2-44b3-ae79-8d226a12647e",
            "ip_address_version": "IPV4",
            "lock_token": "8f0be91c-8264-47e0-9ae9-79d22dfc29a4",
            "name": "sistemainventario-blocked-ips",
            "name_prefix": "",
            "region": "us-east-2",
            "scope": "REGIONAL",
            "tags": {
              "Environment": "dev",
              "Name": "sistemainventario-blocked-ips"
            },
            "tags_all": {
              "Environment": "dev",
              "Name": "sistemainventario-blocked-ips"
            }
          },
          "sensitive_attributes": [],
          "identity_schema_version": 0,
          "private": "bnVsbA=="
        }
      ]
    },
    {
      "module": "module.waf",
      "mode": "managed",
      "type": "aws_wafv2_web_acl",
      "name": "main",
      "provider": "provider[\"registry.terraform.io/hashicorp/aws\"]",
      "instances": [
        {
          "schema_version": 0,
          "attributes": {
            "application_integration_url": "",
            "arn": "arn:aws:wafv2:us-east-2:251740340893:regional/webacl/sistemainventario-waf-acl/accd6249-42e6-4003-b13b-861501bf8ad1",
            "association_config": [],
            "capacity": 1303,
            "captcha_config": [],
            "challenge_config": [],
            "custom_response_body": [],
            "data_protection_config": [],
            "default_action": [
              {
                "allow": [
                  {
                    "custom_request_handling": []
                  }
                ],
                "block": []
              }
            ],
            "description": "",
            "id": "accd6249-42e6-4003-b13b-861501bf8ad1",
            "lock_token": "caa1260f-103f-4afc-9e84-ccaf6e10d236",
            "name": "sistemainventario-waf-acl",
            "name_prefix": "",
            "region": "us-east-2",
            "rule": [
              {
                "action": [
                  {
                    "allow": [],
                    "block": [
                      {
                        "custom_response": []
                      }
                    ],
                    "captcha": [],
                    "challenge": [],
                    "count": []
                  }
                ],
                "captcha_config": [],
                "challenge_config": [],
                "name": "BlockSpecificIPs",
                "override_action": [],
                "priority": 1,
                "rule_label": [],
                "statement": [
                  {
                    "and_statement": [],
                    "asn_match_statement": [],
                    "byte_match_statement": [],
                    "geo_match_statement": [],
                    "ip_set_reference_statement": [
                      {
                        "arn": "arn:aws:wafv2:us-east-2:251740340893:regional/ipset/sistemainventario-blocked-ips/528559c5-04b2-44b3-ae79-8d226a12647e",
                        "ip_set_forwarded_ip_config": []
                      }
                    ],
                    "label_match_statement": [],
                    "managed_rule_group_statement": [],
                    "not_statement": [],
                    "or_statement": [],
                    "rate_based_statement": [],
                    "regex_match_statement": [],
                    "regex_pattern_set_reference_statement": [],
                    "rule_group_reference_statement": [],
                    "size_constraint_statement": [],
                    "sqli_match_statement": [],
                    "xss_match_statement": []
                  }
                ],
                "visibility_config": [
                  {
                    "cloudwatch_metrics_enabled": true,
                    "metric_name": "sistemainventario-blocked-ips-rule",
                    "sampled_requests_enabled": true
                  }
                ]
              },
              {
                "action": [
                  {
                    "allow": [],
                    "block": [
                      {
                        "custom_response": []
                      }
                    ],
                    "captcha": [],
                    "challenge": [],
                    "count": []
                  }
                ],
                "captcha_config": [],
                "challenge_config": [],
                "name": "RateLimit",
                "override_action": [],
                "priority": 2,
                "rule_label": [],
                "statement": [
                  {
                    "and_statement": [],
                    "asn_match_statement": [],
                    "byte_match_statement": [],
                    "geo_match_statement": [],
                    "ip_set_reference_statement": [],
                    "label_match_statement": [],
                    "managed_rule_group_statement": [],
                    "not_statement": [],
                    "or_statement": [],
                    "rate_based_statement": [
                      {
                        "aggregate_key_type": "IP",
                        "custom_key": [],
                        "evaluation_window_sec": 300,
                        "forwarded_ip_config": [],
                        "limit": 2000,
                        "scope_down_statement": []
                      }
                    ],
                    "regex_match_statement": [],
                    "regex_pattern_set_reference_statement": [],
                    "rule_group_reference_statement": [],
                    "size_constraint_statement": [],
                    "sqli_match_statement": [],
                    "xss_match_statement": []
                  }
                ],
                "visibility_config": [
                  {
                    "cloudwatch_metrics_enabled": true,
                    "metric_name": "sistemainventario-rate-limit-rule",
                    "sampled_requests_enabled": true
                  }
                ]
              },
              {
                "action": [],
                "captcha_config": [],
                "challenge_config": [],
                "name": "AWSManagedRulesCommonRuleSet",
                "override_action": [
                  {
                    "count": [],
                    "none": [
                      {}
                    ]
                  }
                ],
                "priority": 3,
                "rule_label": [],
                "statement": [
                  {
                    "and_statement": [],
                    "asn_match_statement": [],
                    "byte_match_statement": [],
                    "geo_match_statement": [],
                    "ip_set_reference_statement": [],
                    "label_match_statement": [],
                    "managed_rule_group_statement": [
                      {
                        "managed_rule_group_configs": [],
                        "name": "AWSManagedRulesCommonRuleSet",
                        "rule_action_override": [],
                        "scope_down_statement": [],
                        "vendor_name": "AWS",
                        "version": ""
                      }
                    ],
                    "not_statement": [],
                    "or_statement": [],
                    "rate_based_statement": [],
                    "regex_match_statement": [],
                    "regex_pattern_set_reference_statement": [],
                    "rule_group_reference_statement": [],
                    "size_constraint_statement": [],
                    "sqli_match_statement": [],
                    "xss_match_statement": []
                  }
                ],
                "visibility_config": [
                  {
                    "cloudwatch_metrics_enabled": true,
                    "metric_name": "sistemainventario-aws-common-rules",
                    "sampled_requests_enabled": true
                  }
                ]
              },
              {
                "action": [],
                "captcha_config": [],
                "challenge_config": [],
                "name": "AWSManagedRulesKnownBadInputsRuleSet",
                "override_action": [
                  {
                    "count": [],
                    "none": [
                      {}
                    ]
                  }
                ],
                "priority": 5,
                "rule_label": [],
                "statement": [
                  {
                    "and_statement": [],
                    "asn_match_statement": [],
                    "byte_match_statement": [],
                    "geo_match_statement": [],
                    "ip_set_reference_statement": [],
                    "label_match_statement": [],
                    "managed_rule_group_statement": [
                      {
                        "managed_rule_group_configs": [],
                        "name": "AWSManagedRulesKnownBadInputsRuleSet",
                        "rule_action_override": [],
                        "scope_down_statement": [],
                        "vendor_name": "AWS",
                        "version": ""
                      }
                    ],
                    "not_statement": [],
                    "or_statement": [],
                    "rate_based_statement": [],
                    "regex_match_statement": [],
                    "regex_pattern_set_reference_statement": [],
                    "rule_group_reference_statement": [],
                    "size_constraint_statement": [],
                    "sqli_match_statement": [],
                    "xss_match_statement": []
                  }
                ],
                "visibility_config": [
                  {
                    "cloudwatch_metrics_enabled": true,
                    "metric_name": "sistemainventario-bad-inputs-rules",
                    "sampled_requests_enabled": true
                  }
                ]
              },
              {
                "action": [],
                "captcha_config": [],
                "challenge_config": [],
                "name": "AWSManagedRulesLinuxRuleSet",
                "override_action": [
                  {
                    "count": [],
                    "none": [
                      {}
                    ]
                  }
                ],
                "priority": 6,
                "rule_label": [],
                "statement": [
                  {
                    "and_statement": [],
                    "asn_match_statement": [],
                    "byte_match_statement": [],
                    "geo_match_statement": [],
                    "ip_set_reference_statement": [],
                    "label_match_statement": [],
                    "managed_rule_group_statement": [
                      {
                        "managed_rule_group_configs": [],
                        "name": "AWSManagedRulesLinuxRuleSet",
                        "rule_action_override": [],
                        "scope_down_statement": [],
                        "vendor_name": "AWS",
                        "version": ""
                      }
                    ],
                    "not_statement": [],
                    "or_statement": [],
                    "rate_based_statement": [],
                    "regex_match_statement": [],
                    "regex_pattern_set_reference_statement": [],
                    "rule_group_reference_statement": [],
                    "size_constraint_statement": [],
                    "sqli_match_statement": [],
                    "xss_match_statement": []
                  }
                ],
                "visibility_config": [
                  {
                    "cloudwatch_metrics_enabled": true,
                    "metric_name": "sistemainventario-linux-rules",
                    "sampled_requests_enabled": true
                  }
                ]
              },
              {
                "action": [],
                "captcha_config": [],
                "challenge_config": [],
                "name": "AWSManagedRulesSQLiRuleSet",
                "override_action": [
                  {
                    "count": [],
                    "none": [
                      {}
                    ]
                  }
                ],
                "priority": 4,
                "rule_label": [],
                "statement": [
                  {
                    "and_statement": [],
                    "asn_match_statement": [],
                    "byte_match_statement": [],
                    "geo_match_statement": [],
                    "ip_set_reference_statement": [],
                    "label_match_statement": [],
                    "managed_rule_group_statement": [
                      {
                        "managed_rule_group_configs": [],
                        "name": "AWSManagedRulesSQLiRuleSet",
                        "rule_action_override": [],
                        "scope_down_statement": [],
                        "vendor_name": "AWS",
                        "version": ""
                      }
                    ],
                    "not_statement": [],
                    "or_statement": [],
                    "rate_based_statement": [],
                    "regex_match_statement": [],
                    "regex_pattern_set_reference_statement": [],
                    "rule_group_reference_statement": [],
                    "size_constraint_statement": [],
                    "sqli_match_statement": [],
                    "xss_match_statement": []
                  }
                ],
                "visibility_config": [
                  {
                    "cloudwatch_metrics_enabled": true,
                    "metric_name": "sistemainventario-sqli-rules",
                    "sampled_requests_enabled": true
                  }
                ]
              }
            ],
            "rule_json": null,
            "scope": "REGIONAL",
            "tags": {
              "Environment": "dev",
              "Name": "sistemainventario-waf"
            },
            "tags_all": {
              "Environment": "dev",
              "Name": "sistemainventario-waf"
            },
            "token_domains": [],
            "visibility_config": [
              {
                "cloudwatch_metrics_enabled": true,
                "metric_name": "sistemainventario-waf-acl",
                "sampled_requests_enabled": true
              }
            ]
          },
          "sensitive_attributes": [],
          "identity_schema_version": 0,
          "private": "bnVsbA==",
          "dependencies": [
            "module.waf.aws_wafv2_ip_set.blocked_ips"
          ]
        }
      ]
    }
  ],
  "check_results": null
}
